// !$*UTF8*$!
{
	archiveVersion = 1;
	classes = {
	};
	objectVersion = 46;
	objects = {

/* Begin PBXBuildFile section */
		85A5BD4ACB18D01DE6513EF3 /* libPods-kycTests.a in Frameworks */ = {isa = PBXBuildFile; fileRef = 481C4A8826D91774AD82E4DA /* libPods-kycTests.a */; };
		D209DFD41AC23F5500648137 /* ForecastRepository.swift in Sources */ = {isa = PBXBuildFile; fileRef = D209DFD21AC23F5500648137 /* ForecastRepository.swift */; };
		D209DFD51AC23F5500648137 /* Repository.swift in Sources */ = {isa = PBXBuildFile; fileRef = D209DFD31AC23F5500648137 /* Repository.swift */; };
		D209DFD71AC3414F00648137 /* BookingRepository.swift in Sources */ = {isa = PBXBuildFile; fileRef = D209DFD61AC3414F00648137 /* BookingRepository.swift */; };
		D209DFDD1AC35FAF00648137 /* BoatsRepository.swift in Sources */ = {isa = PBXBuildFile; fileRef = D209DFDC1AC35FAF00648137 /* BoatsRepository.swift */; };
		D209DFE31AC4A6CD00648137 /* DayPrefsRepository.swift in Sources */ = {isa = PBXBuildFile; fileRef = D209DFE21AC4A6CD00648137 /* DayPrefsRepository.swift */; };
		D209DFE71AC4AB1100648137 /* Time.swift in Sources */ = {isa = PBXBuildFile; fileRef = D209DFE61AC4AB1100648137 /* Time.swift */; };
		D209DFE91AC4AFE300648137 /* BoatPrefsRepository.swift in Sources */ = {isa = PBXBuildFile; fileRef = D209DFE81AC4AFE300648137 /* BoatPrefsRepository.swift */; };
		D209DFED1AC4B64B00648137 /* UserRepository.swift in Sources */ = {isa = PBXBuildFile; fileRef = D209DFEC1AC4B64B00648137 /* UserRepository.swift */; };
		D209DFF11AC4B96700648137 /* SettingRepository.swift in Sources */ = {isa = PBXBuildFile; fileRef = D209DFF01AC4B96700648137 /* SettingRepository.swift */; };
		D211C6881AD910F600892F9D /* DayPrefCell.swift in Sources */ = {isa = PBXBuildFile; fileRef = D211C6871AD910F600892F9D /* DayPrefCell.swift */; };
		D211C68A1AD91EE800892F9D /* Days.xcassets in Resources */ = {isa = PBXBuildFile; fileRef = D211C6891AD91EE800892F9D /* Days.xcassets */; };
		D24E6B4C1AC4BE130035FBBF /* BoatPrefsRepositoryTests.swift in Sources */ = {isa = PBXBuildFile; fileRef = D24E6B451AC4BE130035FBBF /* BoatPrefsRepositoryTests.swift */; };
		D24E6B4D1AC4BE130035FBBF /* BoatsRepositoryTests.swift in Sources */ = {isa = PBXBuildFile; fileRef = D24E6B461AC4BE130035FBBF /* BoatsRepositoryTests.swift */; };
		D24E6B4E1AC4BE130035FBBF /* BookingRepositoryTests.swift in Sources */ = {isa = PBXBuildFile; fileRef = D24E6B471AC4BE130035FBBF /* BookingRepositoryTests.swift */; };
		D24E6B4F1AC4BE130035FBBF /* DayPrefsRepositoryTests.swift in Sources */ = {isa = PBXBuildFile; fileRef = D24E6B481AC4BE130035FBBF /* DayPrefsRepositoryTests.swift */; };
		D24E6B501AC4BE130035FBBF /* ForecastRepositoryTests.swift in Sources */ = {isa = PBXBuildFile; fileRef = D24E6B491AC4BE130035FBBF /* ForecastRepositoryTests.swift */; };
		D24E6B511AC4BE130035FBBF /* SettingRepositoryTests.swift in Sources */ = {isa = PBXBuildFile; fileRef = D24E6B4A1AC4BE130035FBBF /* SettingRepositoryTests.swift */; };
		D24E6B521AC4BE130035FBBF /* UserRepositoryTests.swift in Sources */ = {isa = PBXBuildFile; fileRef = D24E6B4B1AC4BE130035FBBF /* UserRepositoryTests.swift */; };
		D24E6B5B1AC4C4370035FBBF /* ForecastService.swift in Sources */ = {isa = PBXBuildFile; fileRef = D24E6B5A1AC4C4370035FBBF /* ForecastService.swift */; };
		D24E6B5E1AC4C7520035FBBF /* ForecastServiceTests.swift in Sources */ = {isa = PBXBuildFile; fileRef = D24E6B5D1AC4C7520035FBBF /* ForecastServiceTests.swift */; };
		D24E6B601AC4D2B80035FBBF /* weatherData.json in Resources */ = {isa = PBXBuildFile; fileRef = D24E6B5F1AC4D2B80035FBBF /* weatherData.json */; };
		D2616B691ACF3954009D62FC /* PreferenceService.swift in Sources */ = {isa = PBXBuildFile; fileRef = D2616B681ACF3954009D62FC /* PreferenceService.swift */; };
		D2616B6B1ACF3E92009D62FC /* PreferenceServiceTests.swift in Sources */ = {isa = PBXBuildFile; fileRef = D2616B6A1ACF3E92009D62FC /* PreferenceServiceTests.swift */; };
		D26D377A1AE84272003754B3 /* StringExt.swift in Sources */ = {isa = PBXBuildFile; fileRef = D26D37791AE84272003754B3 /* StringExt.swift */; };
		D2735C0A1ACFFC9F00AB60E0 /* BookingService.swift in Sources */ = {isa = PBXBuildFile; fileRef = D2735C091ACFFC9F00AB60E0 /* BookingService.swift */; };
		D2735C0C1ACFFFA000AB60E0 /* BookingParser.swift in Sources */ = {isa = PBXBuildFile; fileRef = D2735C0B1ACFFFA000AB60E0 /* BookingParser.swift */; };
		D2735C0E1AD0008800AB60E0 /* bookingData.json in Resources */ = {isa = PBXBuildFile; fileRef = D2735C0D1AD0008800AB60E0 /* bookingData.json */; };
		D2735C101AD000C900AB60E0 /* BookingJson.swift in Sources */ = {isa = PBXBuildFile; fileRef = D2735C0F1AD000C900AB60E0 /* BookingJson.swift */; };
		D2735C121AD0066F00AB60E0 /* BookingParserTests.swift in Sources */ = {isa = PBXBuildFile; fileRef = D2735C111AD0066F00AB60E0 /* BookingParserTests.swift */; };
		D278B3181AE800D800DAD08A /* AutomaticBookingCell.swift in Sources */ = {isa = PBXBuildFile; fileRef = D278B3171AE800D800DAD08A /* AutomaticBookingCell.swift */; };
		D278B31A1AE8193800DAD08A /* AutomaticBookingFooterCell.swift in Sources */ = {isa = PBXBuildFile; fileRef = D278B3191AE8193800DAD08A /* AutomaticBookingFooterCell.swift */; };
		D280BD661ACEB5AB0011D4E6 /* preferenceData.json in Resources */ = {isa = PBXBuildFile; fileRef = D280BD651ACEB5AB0011D4E6 /* preferenceData.json */; };
		D280BD681ACEB5FB0011D4E6 /* PreferenceJson.swift in Sources */ = {isa = PBXBuildFile; fileRef = D280BD671ACEB5FB0011D4E6 /* PreferenceJson.swift */; };
		D280BD6B1ACEC5430011D4E6 /* ForecastParser.swift in Sources */ = {isa = PBXBuildFile; fileRef = D280BD6A1ACEC5430011D4E6 /* ForecastParser.swift */; };
		D280BD6D1ACEC5510011D4E6 /* PreferenceParser.swift in Sources */ = {isa = PBXBuildFile; fileRef = D280BD6C1ACEC5510011D4E6 /* PreferenceParser.swift */; };
		D280BD6F1ACEC84A0011D4E6 /* PreferenceParserTests.swift in Sources */ = {isa = PBXBuildFile; fileRef = D280BD6E1ACEC84A0011D4E6 /* PreferenceParserTests.swift */; };
		D284D2641AE144AC00878562 /* ConfigReader.swift in Sources */ = {isa = PBXBuildFile; fileRef = D284D2631AE144AC00878562 /* ConfigReader.swift */; };
		D284D2661AE1492000878562 /* config.plist in Resources */ = {isa = PBXBuildFile; fileRef = D284D2651AE1492000878562 /* config.plist */; };
		D284D2681AE14BD100878562 /* config.plist in Resources */ = {isa = PBXBuildFile; fileRef = D284D2671AE14BD100878562 /* config.plist */; };
		D284D26B1AE14C4300878562 /* ConfigReaderDummy.swift in Sources */ = {isa = PBXBuildFile; fileRef = D284D26A1AE14C4300878562 /* ConfigReaderDummy.swift */; };
		D285ADAE1AD010EB00E12663 /* BookingServiceTests.swift in Sources */ = {isa = PBXBuildFile; fileRef = D285ADAD1AD010EB00E12663 /* BookingServiceTests.swift */; };
		D291D34C1AD07D2900666F88 /* ForecastAndBookingMatcher.swift in Sources */ = {isa = PBXBuildFile; fileRef = D291D34B1AD07D2900666F88 /* ForecastAndBookingMatcher.swift */; };
		D2985A531ABD8AAF0008EFCB /* Functions.swift in Sources */ = {isa = PBXBuildFile; fileRef = D2985A521ABD8AAF0008EFCB /* Functions.swift */; };
		D2985A921ABDC4D30008EFCB /* DateExt.swift in Sources */ = {isa = PBXBuildFile; fileRef = D2985A911ABDC4D30008EFCB /* DateExt.swift */; };
		D2985A951ABDD1970008EFCB /* ForecastWithBookingCell.swift in Sources */ = {isa = PBXBuildFile; fileRef = D2985A941ABDD1970008EFCB /* ForecastWithBookingCell.swift */; };
		D2985A971ABDD36B0008EFCB /* ForecastWithNoBookingCell.swift in Sources */ = {isa = PBXBuildFile; fileRef = D2985A961ABDD36B0008EFCB /* ForecastWithNoBookingCell.swift */; };
		D2985A991ABDF1760008EFCB /* ForecastHeaderCell.swift in Sources */ = {isa = PBXBuildFile; fileRef = D2985A981ABDF1760008EFCB /* ForecastHeaderCell.swift */; };
		D29F775D1AD6F0D1009BC222 /* UtilityClass.m in Sources */ = {isa = PBXBuildFile; fileRef = D29F775C1AD6F0D1009BC222 /* UtilityClass.m */; };
		D2A783EC1AC0C80D00AA2777 /* CoreComponents.swift in Sources */ = {isa = PBXBuildFile; fileRef = D2A783EB1AC0C80D00AA2777 /* CoreComponents.swift */; };
		D2B5DA451AE052740071C7EC /* BoatRankCell.swift in Sources */ = {isa = PBXBuildFile; fileRef = D2B5DA441AE052740071C7EC /* BoatRankCell.swift */; };
		D2B5DA471AE0E6600071C7EC /* DayPrefSection.swift in Sources */ = {isa = PBXBuildFile; fileRef = D2B5DA461AE0E6600071C7EC /* DayPrefSection.swift */; };
		D2B5DA4A1AE0E6D10071C7EC /* ToggleButton.swift in Sources */ = {isa = PBXBuildFile; fileRef = D2B5DA491AE0E6D10071C7EC /* ToggleButton.swift */; };
		D2B5DA4C1AE0F5760071C7EC /* DayPrefToggleButton.swift in Sources */ = {isa = PBXBuildFile; fileRef = D2B5DA4B1AE0F5760071C7EC /* DayPrefToggleButton.swift */; };
		D2B5DA4E1AE0F6B50071C7EC /* BoatRankToggleButton.swift in Sources */ = {isa = PBXBuildFile; fileRef = D2B5DA4D1AE0F6B50071C7EC /* BoatRankToggleButton.swift */; };
		D2BD50D91AB4C9100025E03F /* Day.swift in Sources */ = {isa = PBXBuildFile; fileRef = D2BD50D81AB4C9100025E03F /* Day.swift */; };
		D2BD50FB1AB4DAAC0025E03F /* BookingDao.swift in Sources */ = {isa = PBXBuildFile; fileRef = D2BD50FA1AB4DAAC0025E03F /* BookingDao.swift */; };
		D2BD50FD1AB4DAAD0025E03F /* BoatDao.swift in Sources */ = {isa = PBXBuildFile; fileRef = D2BD50FC1AB4DAAD0025E03F /* BoatDao.swift */; };
		D2BD50FF1AB4DAAD0025E03F /* SettingDao.swift in Sources */ = {isa = PBXBuildFile; fileRef = D2BD50FE1AB4DAAD0025E03F /* SettingDao.swift */; };
		D2BD51011AB4DAAD0025E03F /* UserDao.swift in Sources */ = {isa = PBXBuildFile; fileRef = D2BD51001AB4DAAD0025E03F /* UserDao.swift */; };
		D2BD51031AB4DAAD0025E03F /* ForecastDao.swift in Sources */ = {isa = PBXBuildFile; fileRef = D2BD51021AB4DAAD0025E03F /* ForecastDao.swift */; };
		D2BD51051AB4DAAD0025E03F /* BoatPrefDao.swift in Sources */ = {isa = PBXBuildFile; fileRef = D2BD51041AB4DAAD0025E03F /* BoatPrefDao.swift */; };
		D2BD51071AB4DAAE0025E03F /* DayPrefDao.swift in Sources */ = {isa = PBXBuildFile; fileRef = D2BD51061AB4DAAE0025E03F /* DayPrefDao.swift */; };
		D2BD510B1AB4E2860025E03F /* Weather.xcassets in Resources */ = {isa = PBXBuildFile; fileRef = D2BD510A1AB4E2860025E03F /* Weather.xcassets */; };
		D2BD510D1AB4E2B50025E03F /* Boats.xcassets in Resources */ = {isa = PBXBuildFile; fileRef = D2BD510C1AB4E2B50025E03F /* Boats.xcassets */; };
		D2BD51101AB4E3E30025E03F /* KayakBoatsViewController.swift in Sources */ = {isa = PBXBuildFile; fileRef = D2BD510E1AB4E3E30025E03F /* KayakBoatsViewController.swift */; };
		D2BD51111AB4E3E30025E03F /* SurfBoatsViewController.swift in Sources */ = {isa = PBXBuildFile; fileRef = D2BD510F1AB4E3E30025E03F /* SurfBoatsViewController.swift */; };
		D2BD51131AB4E6350025E03F /* BoatsTabViewController.swift in Sources */ = {isa = PBXBuildFile; fileRef = D2BD51121AB4E6350025E03F /* BoatsTabViewController.swift */; };
		D2BEEC021AB4C1D100C6CA08 /* SettingsViewController.swift in Sources */ = {isa = PBXBuildFile; fileRef = D2BEEC011AB4C1D100C6CA08 /* SettingsViewController.swift */; };
		D2C0D0321AC5702400A5BC42 /* ForecastJson.swift in Sources */ = {isa = PBXBuildFile; fileRef = D2C0D0311AC5702400A5BC42 /* ForecastJson.swift */; };
		D2C0D0341AC5709D00A5BC42 /* JsonParser.swift in Sources */ = {isa = PBXBuildFile; fileRef = D2C0D0331AC5709D00A5BC42 /* JsonParser.swift */; };
		D2C0D0361AC5715700A5BC42 /* JsonClient.swift in Sources */ = {isa = PBXBuildFile; fileRef = D2C0D0351AC5715700A5BC42 /* JsonClient.swift */; };
		D2C0D03A1AC57E7100A5BC42 /* ForecastParserTests.swift in Sources */ = {isa = PBXBuildFile; fileRef = D2C0D0391AC57E7100A5BC42 /* ForecastParserTests.swift */; };
		D2C97A731AD5C5B9003C924B /* ComponentsTests.swift in Sources */ = {isa = PBXBuildFile; fileRef = D2C97A721AD5C5B9003C924B /* ComponentsTests.swift */; };
		D2F5CD511AB49A0C0035B91A /* AppDelegate.swift in Sources */ = {isa = PBXBuildFile; fileRef = D2F5CD501AB49A0C0035B91A /* AppDelegate.swift */; };
		D2F5CD561AB49A0C0035B91A /* Main.storyboard in Resources */ = {isa = PBXBuildFile; fileRef = D2F5CD541AB49A0C0035B91A /* Main.storyboard */; };
		D2F5CD581AB49A0C0035B91A /* Images.xcassets in Resources */ = {isa = PBXBuildFile; fileRef = D2F5CD571AB49A0C0035B91A /* Images.xcassets */; };
		D2F5CD5B1AB49A0C0035B91A /* LaunchScreen.xib in Resources */ = {isa = PBXBuildFile; fileRef = D2F5CD591AB49A0C0035B91A /* LaunchScreen.xib */; };
		D2F5CD7E1AB49FF60035B91A /* ViewControllersFactory.swift in Sources */ = {isa = PBXBuildFile; fileRef = D2F5CD7D1AB49FF60035B91A /* ViewControllersFactory.swift */; };
		D2F5CD841AB4A10D0035B91A /* CenterViewController.swift in Sources */ = {isa = PBXBuildFile; fileRef = D2F5CD7F1AB4A10D0035B91A /* CenterViewController.swift */; };
		D2F5CD851AB4A10D0035B91A /* ContainerViewController.swift in Sources */ = {isa = PBXBuildFile; fileRef = D2F5CD801AB4A10D0035B91A /* ContainerViewController.swift */; };
		D2F5CD861AB4A10D0035B91A /* Menu.xcassets in Resources */ = {isa = PBXBuildFile; fileRef = D2F5CD811AB4A10D0035B91A /* Menu.xcassets */; };
		D2F5CD871AB4A10D0035B91A /* MenuItem.swift in Sources */ = {isa = PBXBuildFile; fileRef = D2F5CD821AB4A10D0035B91A /* MenuItem.swift */; };
		D2F5CD881AB4A10D0035B91A /* SidePanelViewController.swift in Sources */ = {isa = PBXBuildFile; fileRef = D2F5CD831AB4A10D0035B91A /* SidePanelViewController.swift */; };
		D2F5CD8F1AB4A61C0035B91A /* Logger.swift in Sources */ = {isa = PBXBuildFile; fileRef = D2F5CD8E1AB4A61C0035B91A /* Logger.swift */; };
		D2F5CD911AB4A7AA0035B91A /* Menu.storyboard in Resources */ = {isa = PBXBuildFile; fileRef = D2F5CD901AB4A7AA0035B91A /* Menu.storyboard */; };
		D2F5CD931AB4A8810035B91A /* MainViewController.swift in Sources */ = {isa = PBXBuildFile; fileRef = D2F5CD921AB4A8810035B91A /* MainViewController.swift */; };
		D2F5CD951AB4AB520035B91A /* DaysViewController.swift in Sources */ = {isa = PBXBuildFile; fileRef = D2F5CD941AB4AB520035B91A /* DaysViewController.swift */; };
		D2F5CD971AB4AB900035B91A /* BookingsViewController.swift in Sources */ = {isa = PBXBuildFile; fileRef = D2F5CD961AB4AB900035B91A /* BookingsViewController.swift */; };
		D2F5CD991AB4ABA30035B91A /* BoatsViewController.swift in Sources */ = {isa = PBXBuildFile; fileRef = D2F5CD981AB4ABA30035B91A /* BoatsViewController.swift */; };
		D2F5CD9F1AB4B9790035B91A /* Days.storyboard in Resources */ = {isa = PBXBuildFile; fileRef = D2F5CD9E1AB4B9790035B91A /* Days.storyboard */; };
		D2F5CDA11AB4B9C50035B91A /* Boats.storyboard in Resources */ = {isa = PBXBuildFile; fileRef = D2F5CDA01AB4B9C50035B91A /* Boats.storyboard */; };
		D2F5CDA31AB4B9DF0035B91A /* Bookings.storyboard in Resources */ = {isa = PBXBuildFile; fileRef = D2F5CDA21AB4B9DF0035B91A /* Bookings.storyboard */; };
		D2F5CDA51AB4BCB80035B91A /* Global.xcassets in Resources */ = {isa = PBXBuildFile; fileRef = D2F5CDA41AB4BCB80035B91A /* Global.xcassets */; };
		D2F5CDA71AB4C0BA0035B91A /* Settings.storyboard in Resources */ = {isa = PBXBuildFile; fileRef = D2F5CDA61AB4C0BA0035B91A /* Settings.storyboard */; };
		D2FA22931AD0710500D6BE94 /* LoginViewController.swift in Sources */ = {isa = PBXBuildFile; fileRef = D2FA22921AD0710500D6BE94 /* LoginViewController.swift */; };
		D38B3E9555A11CB7C040ADE3 /* libPods-kyc.a in Frameworks */ = {isa = PBXBuildFile; fileRef = 483DDD11EFC66F30E4A129CF /* libPods-kyc.a */; };
/* End PBXBuildFile section */

/* Begin PBXContainerItemProxy section */
		D2F5CD611AB49A0C0035B91A /* PBXContainerItemProxy */ = {
			isa = PBXContainerItemProxy;
			containerPortal = D2F5CD431AB49A0C0035B91A /* Project object */;
			proxyType = 1;
			remoteGlobalIDString = D2F5CD4A1AB49A0C0035B91A;
			remoteInfo = kyc;
		};
/* End PBXContainerItemProxy section */

/* Begin PBXFileReference section */
		481C4A8826D91774AD82E4DA /* libPods-kycTests.a */ = {isa = PBXFileReference; explicitFileType = archive.ar; includeInIndex = 0; path = "libPods-kycTests.a"; sourceTree = BUILT_PRODUCTS_DIR; };
		483DDD11EFC66F30E4A129CF /* libPods-kyc.a */ = {isa = PBXFileReference; explicitFileType = archive.ar; includeInIndex = 0; path = "libPods-kyc.a"; sourceTree = BUILT_PRODUCTS_DIR; };
		5A4C6C2AB49E1DE2DB5F86DF /* Pods-kyc.debug.xcconfig */ = {isa = PBXFileReference; includeInIndex = 1; lastKnownFileType = text.xcconfig; name = "Pods-kyc.debug.xcconfig"; path = "Pods/Target Support Files/Pods-kyc/Pods-kyc.debug.xcconfig"; sourceTree = "<group>"; };
		AB8388E5FD0776B2A735517F /* Pods-kyc.release.xcconfig */ = {isa = PBXFileReference; includeInIndex = 1; lastKnownFileType = text.xcconfig; name = "Pods-kyc.release.xcconfig"; path = "Pods/Target Support Files/Pods-kyc/Pods-kyc.release.xcconfig"; sourceTree = "<group>"; };
		BF036E30571F0E5D14DCCDFC /* Pods-kycTests.release.xcconfig */ = {isa = PBXFileReference; includeInIndex = 1; lastKnownFileType = text.xcconfig; name = "Pods-kycTests.release.xcconfig"; path = "Pods/Target Support Files/Pods-kycTests/Pods-kycTests.release.xcconfig"; sourceTree = "<group>"; };
		D209DFD21AC23F5500648137 /* ForecastRepository.swift */ = {isa = PBXFileReference; fileEncoding = 4; lastKnownFileType = sourcecode.swift; path = ForecastRepository.swift; sourceTree = "<group>"; };
		D209DFD31AC23F5500648137 /* Repository.swift */ = {isa = PBXFileReference; fileEncoding = 4; lastKnownFileType = sourcecode.swift; path = Repository.swift; sourceTree = "<group>"; };
		D209DFD61AC3414F00648137 /* BookingRepository.swift */ = {isa = PBXFileReference; fileEncoding = 4; lastKnownFileType = sourcecode.swift; path = BookingRepository.swift; sourceTree = "<group>"; };
		D209DFDC1AC35FAF00648137 /* BoatsRepository.swift */ = {isa = PBXFileReference; fileEncoding = 4; lastKnownFileType = sourcecode.swift; path = BoatsRepository.swift; sourceTree = "<group>"; };
		D209DFE21AC4A6CD00648137 /* DayPrefsRepository.swift */ = {isa = PBXFileReference; fileEncoding = 4; lastKnownFileType = sourcecode.swift; path = DayPrefsRepository.swift; sourceTree = "<group>"; };
		D209DFE61AC4AB1100648137 /* Time.swift */ = {isa = PBXFileReference; fileEncoding = 4; lastKnownFileType = sourcecode.swift; path = Time.swift; sourceTree = "<group>"; };
		D209DFE81AC4AFE300648137 /* BoatPrefsRepository.swift */ = {isa = PBXFileReference; fileEncoding = 4; lastKnownFileType = sourcecode.swift; path = BoatPrefsRepository.swift; sourceTree = "<group>"; };
		D209DFEC1AC4B64B00648137 /* UserRepository.swift */ = {isa = PBXFileReference; fileEncoding = 4; lastKnownFileType = sourcecode.swift; path = UserRepository.swift; sourceTree = "<group>"; };
		D209DFF01AC4B96700648137 /* SettingRepository.swift */ = {isa = PBXFileReference; fileEncoding = 4; lastKnownFileType = sourcecode.swift; path = SettingRepository.swift; sourceTree = "<group>"; };
		D211C6871AD910F600892F9D /* DayPrefCell.swift */ = {isa = PBXFileReference; fileEncoding = 4; lastKnownFileType = sourcecode.swift; path = DayPrefCell.swift; sourceTree = "<group>"; };
		D211C6891AD91EE800892F9D /* Days.xcassets */ = {isa = PBXFileReference; lastKnownFileType = folder.assetcatalog; path = Days.xcassets; sourceTree = "<group>"; };
		D24E6B451AC4BE130035FBBF /* BoatPrefsRepositoryTests.swift */ = {isa = PBXFileReference; fileEncoding = 4; lastKnownFileType = sourcecode.swift; path = BoatPrefsRepositoryTests.swift; sourceTree = "<group>"; };
		D24E6B461AC4BE130035FBBF /* BoatsRepositoryTests.swift */ = {isa = PBXFileReference; fileEncoding = 4; lastKnownFileType = sourcecode.swift; path = BoatsRepositoryTests.swift; sourceTree = "<group>"; };
		D24E6B471AC4BE130035FBBF /* BookingRepositoryTests.swift */ = {isa = PBXFileReference; fileEncoding = 4; lastKnownFileType = sourcecode.swift; path = BookingRepositoryTests.swift; sourceTree = "<group>"; };
		D24E6B481AC4BE130035FBBF /* DayPrefsRepositoryTests.swift */ = {isa = PBXFileReference; fileEncoding = 4; lastKnownFileType = sourcecode.swift; path = DayPrefsRepositoryTests.swift; sourceTree = "<group>"; };
		D24E6B491AC4BE130035FBBF /* ForecastRepositoryTests.swift */ = {isa = PBXFileReference; fileEncoding = 4; lastKnownFileType = sourcecode.swift; path = ForecastRepositoryTests.swift; sourceTree = "<group>"; };
		D24E6B4A1AC4BE130035FBBF /* SettingRepositoryTests.swift */ = {isa = PBXFileReference; fileEncoding = 4; lastKnownFileType = sourcecode.swift; path = SettingRepositoryTests.swift; sourceTree = "<group>"; };
		D24E6B4B1AC4BE130035FBBF /* UserRepositoryTests.swift */ = {isa = PBXFileReference; fileEncoding = 4; lastKnownFileType = sourcecode.swift; path = UserRepositoryTests.swift; sourceTree = "<group>"; };
		D24E6B5A1AC4C4370035FBBF /* ForecastService.swift */ = {isa = PBXFileReference; fileEncoding = 4; lastKnownFileType = sourcecode.swift; path = ForecastService.swift; sourceTree = "<group>"; };
		D24E6B5D1AC4C7520035FBBF /* ForecastServiceTests.swift */ = {isa = PBXFileReference; fileEncoding = 4; lastKnownFileType = sourcecode.swift; path = ForecastServiceTests.swift; sourceTree = "<group>"; };
		D24E6B5F1AC4D2B80035FBBF /* weatherData.json */ = {isa = PBXFileReference; fileEncoding = 4; lastKnownFileType = text.json; path = weatherData.json; sourceTree = "<group>"; };
		D2616B681ACF3954009D62FC /* PreferenceService.swift */ = {isa = PBXFileReference; fileEncoding = 4; lastKnownFileType = sourcecode.swift; path = PreferenceService.swift; sourceTree = "<group>"; };
		D2616B6A1ACF3E92009D62FC /* PreferenceServiceTests.swift */ = {isa = PBXFileReference; fileEncoding = 4; lastKnownFileType = sourcecode.swift; path = PreferenceServiceTests.swift; sourceTree = "<group>"; };
		D26D37791AE84272003754B3 /* StringExt.swift */ = {isa = PBXFileReference; fileEncoding = 4; lastKnownFileType = sourcecode.swift; path = StringExt.swift; sourceTree = "<group>"; };
		D2735C091ACFFC9F00AB60E0 /* BookingService.swift */ = {isa = PBXFileReference; fileEncoding = 4; lastKnownFileType = sourcecode.swift; path = BookingService.swift; sourceTree = "<group>"; };
		D2735C0B1ACFFFA000AB60E0 /* BookingParser.swift */ = {isa = PBXFileReference; fileEncoding = 4; lastKnownFileType = sourcecode.swift; path = BookingParser.swift; sourceTree = "<group>"; };
		D2735C0D1AD0008800AB60E0 /* bookingData.json */ = {isa = PBXFileReference; fileEncoding = 4; lastKnownFileType = text.json; path = bookingData.json; sourceTree = "<group>"; };
		D2735C0F1AD000C900AB60E0 /* BookingJson.swift */ = {isa = PBXFileReference; fileEncoding = 4; lastKnownFileType = sourcecode.swift; path = BookingJson.swift; sourceTree = "<group>"; };
		D2735C111AD0066F00AB60E0 /* BookingParserTests.swift */ = {isa = PBXFileReference; fileEncoding = 4; lastKnownFileType = sourcecode.swift; path = BookingParserTests.swift; sourceTree = "<group>"; };
		D278B3171AE800D800DAD08A /* AutomaticBookingCell.swift */ = {isa = PBXFileReference; fileEncoding = 4; lastKnownFileType = sourcecode.swift; path = AutomaticBookingCell.swift; sourceTree = "<group>"; };
		D278B3191AE8193800DAD08A /* AutomaticBookingFooterCell.swift */ = {isa = PBXFileReference; fileEncoding = 4; lastKnownFileType = sourcecode.swift; path = AutomaticBookingFooterCell.swift; sourceTree = "<group>"; };
		D280BD651ACEB5AB0011D4E6 /* preferenceData.json */ = {isa = PBXFileReference; fileEncoding = 4; lastKnownFileType = text.json; path = preferenceData.json; sourceTree = "<group>"; };
		D280BD671ACEB5FB0011D4E6 /* PreferenceJson.swift */ = {isa = PBXFileReference; fileEncoding = 4; lastKnownFileType = sourcecode.swift; path = PreferenceJson.swift; sourceTree = "<group>"; };
		D280BD6A1ACEC5430011D4E6 /* ForecastParser.swift */ = {isa = PBXFileReference; fileEncoding = 4; lastKnownFileType = sourcecode.swift; path = ForecastParser.swift; sourceTree = "<group>"; };
		D280BD6C1ACEC5510011D4E6 /* PreferenceParser.swift */ = {isa = PBXFileReference; fileEncoding = 4; lastKnownFileType = sourcecode.swift; path = PreferenceParser.swift; sourceTree = "<group>"; };
		D280BD6E1ACEC84A0011D4E6 /* PreferenceParserTests.swift */ = {isa = PBXFileReference; fileEncoding = 4; lastKnownFileType = sourcecode.swift; path = PreferenceParserTests.swift; sourceTree = "<group>"; };
		D284D2631AE144AC00878562 /* ConfigReader.swift */ = {isa = PBXFileReference; fileEncoding = 4; lastKnownFileType = sourcecode.swift; path = ConfigReader.swift; sourceTree = "<group>"; };
		D284D2651AE1492000878562 /* config.plist */ = {isa = PBXFileReference; fileEncoding = 4; lastKnownFileType = text.plist.xml; path = config.plist; sourceTree = "<group>"; };
		D284D2671AE14BD100878562 /* config.plist */ = {isa = PBXFileReference; fileEncoding = 4; lastKnownFileType = text.plist.xml; path = config.plist; sourceTree = "<group>"; };
		D284D26A1AE14C4300878562 /* ConfigReaderDummy.swift */ = {isa = PBXFileReference; fileEncoding = 4; lastKnownFileType = sourcecode.swift; path = ConfigReaderDummy.swift; sourceTree = "<group>"; };
		D285ADAD1AD010EB00E12663 /* BookingServiceTests.swift */ = {isa = PBXFileReference; fileEncoding = 4; lastKnownFileType = sourcecode.swift; path = BookingServiceTests.swift; sourceTree = "<group>"; };
		D291D34B1AD07D2900666F88 /* ForecastAndBookingMatcher.swift */ = {isa = PBXFileReference; fileEncoding = 4; lastKnownFileType = sourcecode.swift; path = ForecastAndBookingMatcher.swift; sourceTree = "<group>"; };
		D2985A521ABD8AAF0008EFCB /* Functions.swift */ = {isa = PBXFileReference; fileEncoding = 4; lastKnownFileType = sourcecode.swift; path = Functions.swift; sourceTree = "<group>"; };
		D2985A911ABDC4D30008EFCB /* DateExt.swift */ = {isa = PBXFileReference; fileEncoding = 4; lastKnownFileType = sourcecode.swift; path = DateExt.swift; sourceTree = "<group>"; };
		D2985A941ABDD1970008EFCB /* ForecastWithBookingCell.swift */ = {isa = PBXFileReference; fileEncoding = 4; lastKnownFileType = sourcecode.swift; path = ForecastWithBookingCell.swift; sourceTree = "<group>"; };
		D2985A961ABDD36B0008EFCB /* ForecastWithNoBookingCell.swift */ = {isa = PBXFileReference; fileEncoding = 4; lastKnownFileType = sourcecode.swift; path = ForecastWithNoBookingCell.swift; sourceTree = "<group>"; };
		D2985A981ABDF1760008EFCB /* ForecastHeaderCell.swift */ = {isa = PBXFileReference; fileEncoding = 4; lastKnownFileType = sourcecode.swift; path = ForecastHeaderCell.swift; sourceTree = "<group>"; };
		D29F775B1AD6F0D1009BC222 /* UtilityClass.h */ = {isa = PBXFileReference; fileEncoding = 4; lastKnownFileType = sourcecode.c.h; path = UtilityClass.h; sourceTree = "<group>"; };
		D29F775C1AD6F0D1009BC222 /* UtilityClass.m */ = {isa = PBXFileReference; fileEncoding = 4; lastKnownFileType = sourcecode.c.objc; path = UtilityClass.m; sourceTree = "<group>"; };
		D2A783EB1AC0C80D00AA2777 /* CoreComponents.swift */ = {isa = PBXFileReference; fileEncoding = 4; lastKnownFileType = sourcecode.swift; path = CoreComponents.swift; sourceTree = "<group>"; };
		D2A7840F1AC1FC8600AA2777 /* kycTests-Bridging-Header.h */ = {isa = PBXFileReference; fileEncoding = 4; lastKnownFileType = sourcecode.c.h; path = "kycTests-Bridging-Header.h"; sourceTree = "<group>"; };
		D2B5DA441AE052740071C7EC /* BoatRankCell.swift */ = {isa = PBXFileReference; fileEncoding = 4; lastKnownFileType = sourcecode.swift; path = BoatRankCell.swift; sourceTree = "<group>"; };
		D2B5DA461AE0E6600071C7EC /* DayPrefSection.swift */ = {isa = PBXFileReference; fileEncoding = 4; lastKnownFileType = sourcecode.swift; path = DayPrefSection.swift; sourceTree = "<group>"; };
		D2B5DA491AE0E6D10071C7EC /* ToggleButton.swift */ = {isa = PBXFileReference; fileEncoding = 4; lastKnownFileType = sourcecode.swift; path = ToggleButton.swift; sourceTree = "<group>"; };
		D2B5DA4B1AE0F5760071C7EC /* DayPrefToggleButton.swift */ = {isa = PBXFileReference; fileEncoding = 4; lastKnownFileType = sourcecode.swift; path = DayPrefToggleButton.swift; sourceTree = "<group>"; };
		D2B5DA4D1AE0F6B50071C7EC /* BoatRankToggleButton.swift */ = {isa = PBXFileReference; fileEncoding = 4; lastKnownFileType = sourcecode.swift; path = BoatRankToggleButton.swift; sourceTree = "<group>"; };
		D2BD50D81AB4C9100025E03F /* Day.swift */ = {isa = PBXFileReference; fileEncoding = 4; lastKnownFileType = sourcecode.swift; path = Day.swift; sourceTree = "<group>"; };
		D2BD50FA1AB4DAAC0025E03F /* BookingDao.swift */ = {isa = PBXFileReference; fileEncoding = 4; lastKnownFileType = sourcecode.swift; path = BookingDao.swift; sourceTree = "<group>"; };
		D2BD50FC1AB4DAAD0025E03F /* BoatDao.swift */ = {isa = PBXFileReference; fileEncoding = 4; lastKnownFileType = sourcecode.swift; path = BoatDao.swift; sourceTree = "<group>"; };
		D2BD50FE1AB4DAAD0025E03F /* SettingDao.swift */ = {isa = PBXFileReference; fileEncoding = 4; lastKnownFileType = sourcecode.swift; path = SettingDao.swift; sourceTree = "<group>"; };
		D2BD51001AB4DAAD0025E03F /* UserDao.swift */ = {isa = PBXFileReference; fileEncoding = 4; lastKnownFileType = sourcecode.swift; path = UserDao.swift; sourceTree = "<group>"; };
		D2BD51021AB4DAAD0025E03F /* ForecastDao.swift */ = {isa = PBXFileReference; fileEncoding = 4; lastKnownFileType = sourcecode.swift; path = ForecastDao.swift; sourceTree = "<group>"; };
		D2BD51041AB4DAAD0025E03F /* BoatPrefDao.swift */ = {isa = PBXFileReference; fileEncoding = 4; lastKnownFileType = sourcecode.swift; path = BoatPrefDao.swift; sourceTree = "<group>"; };
		D2BD51061AB4DAAE0025E03F /* DayPrefDao.swift */ = {isa = PBXFileReference; fileEncoding = 4; lastKnownFileType = sourcecode.swift; path = DayPrefDao.swift; sourceTree = "<group>"; };
		D2BD510A1AB4E2860025E03F /* Weather.xcassets */ = {isa = PBXFileReference; lastKnownFileType = folder.assetcatalog; name = Weather.xcassets; path = ../Weather.xcassets; sourceTree = "<group>"; };
		D2BD510C1AB4E2B50025E03F /* Boats.xcassets */ = {isa = PBXFileReference; lastKnownFileType = folder.assetcatalog; name = Boats.xcassets; path = ../Boats.xcassets; sourceTree = "<group>"; };
		D2BD510E1AB4E3E30025E03F /* KayakBoatsViewController.swift */ = {isa = PBXFileReference; fileEncoding = 4; lastKnownFileType = sourcecode.swift; path = KayakBoatsViewController.swift; sourceTree = "<group>"; };
		D2BD510F1AB4E3E30025E03F /* SurfBoatsViewController.swift */ = {isa = PBXFileReference; fileEncoding = 4; lastKnownFileType = sourcecode.swift; path = SurfBoatsViewController.swift; sourceTree = "<group>"; };
		D2BD51121AB4E6350025E03F /* BoatsTabViewController.swift */ = {isa = PBXFileReference; fileEncoding = 4; lastKnownFileType = sourcecode.swift; path = BoatsTabViewController.swift; sourceTree = "<group>"; };
		D2BEEC011AB4C1D100C6CA08 /* SettingsViewController.swift */ = {isa = PBXFileReference; fileEncoding = 4; lastKnownFileType = sourcecode.swift; path = SettingsViewController.swift; sourceTree = "<group>"; };
		D2C0D0311AC5702400A5BC42 /* ForecastJson.swift */ = {isa = PBXFileReference; fileEncoding = 4; lastKnownFileType = sourcecode.swift; path = ForecastJson.swift; sourceTree = "<group>"; };
		D2C0D0331AC5709D00A5BC42 /* JsonParser.swift */ = {isa = PBXFileReference; fileEncoding = 4; lastKnownFileType = sourcecode.swift; path = JsonParser.swift; sourceTree = "<group>"; };
		D2C0D0351AC5715700A5BC42 /* JsonClient.swift */ = {isa = PBXFileReference; fileEncoding = 4; lastKnownFileType = sourcecode.swift; path = JsonClient.swift; sourceTree = "<group>"; };
		D2C0D0391AC57E7100A5BC42 /* ForecastParserTests.swift */ = {isa = PBXFileReference; fileEncoding = 4; lastKnownFileType = sourcecode.swift; path = ForecastParserTests.swift; sourceTree = "<group>"; };
		D2C97A701AD5C429003C924B /* kyc-Bridging-Header.h */ = {isa = PBXFileReference; fileEncoding = 4; lastKnownFileType = sourcecode.c.h; path = "kyc-Bridging-Header.h"; sourceTree = "<group>"; };
		D2C97A721AD5C5B9003C924B /* ComponentsTests.swift */ = {isa = PBXFileReference; fileEncoding = 4; lastKnownFileType = sourcecode.swift; path = ComponentsTests.swift; sourceTree = "<group>"; };
		D2F5CD4B1AB49A0C0035B91A /* kyc.app */ = {isa = PBXFileReference; explicitFileType = wrapper.application; includeInIndex = 0; path = kyc.app; sourceTree = BUILT_PRODUCTS_DIR; };
		D2F5CD4F1AB49A0C0035B91A /* Info.plist */ = {isa = PBXFileReference; lastKnownFileType = text.plist.xml; path = Info.plist; sourceTree = "<group>"; };
		D2F5CD501AB49A0C0035B91A /* AppDelegate.swift */ = {isa = PBXFileReference; lastKnownFileType = sourcecode.swift; name = AppDelegate.swift; path = ../AppDelegate.swift; sourceTree = "<group>"; };
		D2F5CD551AB49A0C0035B91A /* Base */ = {isa = PBXFileReference; lastKnownFileType = file.storyboard; name = Base; path = Base.lproj/Main.storyboard; sourceTree = "<group>"; };
		D2F5CD571AB49A0C0035B91A /* Images.xcassets */ = {isa = PBXFileReference; lastKnownFileType = folder.assetcatalog; name = Images.xcassets; path = ../Images.xcassets; sourceTree = "<group>"; };
		D2F5CD5A1AB49A0C0035B91A /* Base */ = {isa = PBXFileReference; lastKnownFileType = file.xib; name = Base; path = Base.lproj/LaunchScreen.xib; sourceTree = "<group>"; };
		D2F5CD601AB49A0C0035B91A /* kycTests.xctest */ = {isa = PBXFileReference; explicitFileType = wrapper.cfbundle; includeInIndex = 0; path = kycTests.xctest; sourceTree = BUILT_PRODUCTS_DIR; };
		D2F5CD651AB49A0C0035B91A /* Info.plist */ = {isa = PBXFileReference; lastKnownFileType = text.plist.xml; path = Info.plist; sourceTree = "<group>"; };
		D2F5CD7D1AB49FF60035B91A /* ViewControllersFactory.swift */ = {isa = PBXFileReference; fileEncoding = 4; lastKnownFileType = sourcecode.swift; name = ViewControllersFactory.swift; path = ../ViewControllersFactory.swift; sourceTree = "<group>"; };
		D2F5CD7F1AB4A10D0035B91A /* CenterViewController.swift */ = {isa = PBXFileReference; fileEncoding = 4; lastKnownFileType = sourcecode.swift; path = CenterViewController.swift; sourceTree = "<group>"; };
		D2F5CD801AB4A10D0035B91A /* ContainerViewController.swift */ = {isa = PBXFileReference; fileEncoding = 4; lastKnownFileType = sourcecode.swift; path = ContainerViewController.swift; sourceTree = "<group>"; };
		D2F5CD811AB4A10D0035B91A /* Menu.xcassets */ = {isa = PBXFileReference; lastKnownFileType = folder.assetcatalog; name = Menu.xcassets; path = ../UI/Menu/Menu.xcassets; sourceTree = "<group>"; };
		D2F5CD821AB4A10D0035B91A /* MenuItem.swift */ = {isa = PBXFileReference; fileEncoding = 4; lastKnownFileType = sourcecode.swift; path = MenuItem.swift; sourceTree = "<group>"; };
		D2F5CD831AB4A10D0035B91A /* SidePanelViewController.swift */ = {isa = PBXFileReference; fileEncoding = 4; lastKnownFileType = sourcecode.swift; path = SidePanelViewController.swift; sourceTree = "<group>"; };
		D2F5CD8E1AB4A61C0035B91A /* Logger.swift */ = {isa = PBXFileReference; fileEncoding = 4; lastKnownFileType = sourcecode.swift; path = Logger.swift; sourceTree = "<group>"; };
		D2F5CD901AB4A7AA0035B91A /* Menu.storyboard */ = {isa = PBXFileReference; fileEncoding = 4; lastKnownFileType = file.storyboard; path = Menu.storyboard; sourceTree = "<group>"; };
		D2F5CD921AB4A8810035B91A /* MainViewController.swift */ = {isa = PBXFileReference; fileEncoding = 4; lastKnownFileType = sourcecode.swift; path = MainViewController.swift; sourceTree = "<group>"; };
		D2F5CD941AB4AB520035B91A /* DaysViewController.swift */ = {isa = PBXFileReference; fileEncoding = 4; lastKnownFileType = sourcecode.swift; path = DaysViewController.swift; sourceTree = "<group>"; };
		D2F5CD961AB4AB900035B91A /* BookingsViewController.swift */ = {isa = PBXFileReference; fileEncoding = 4; lastKnownFileType = sourcecode.swift; path = BookingsViewController.swift; sourceTree = "<group>"; };
		D2F5CD981AB4ABA30035B91A /* BoatsViewController.swift */ = {isa = PBXFileReference; fileEncoding = 4; lastKnownFileType = sourcecode.swift; path = BoatsViewController.swift; sourceTree = "<group>"; };
		D2F5CD9E1AB4B9790035B91A /* Days.storyboard */ = {isa = PBXFileReference; fileEncoding = 4; lastKnownFileType = file.storyboard; path = Days.storyboard; sourceTree = "<group>"; };
		D2F5CDA01AB4B9C50035B91A /* Boats.storyboard */ = {isa = PBXFileReference; fileEncoding = 4; lastKnownFileType = file.storyboard; path = Boats.storyboard; sourceTree = "<group>"; };
		D2F5CDA21AB4B9DF0035B91A /* Bookings.storyboard */ = {isa = PBXFileReference; fileEncoding = 4; lastKnownFileType = file.storyboard; path = Bookings.storyboard; sourceTree = "<group>"; };
		D2F5CDA41AB4BCB80035B91A /* Global.xcassets */ = {isa = PBXFileReference; lastKnownFileType = folder.assetcatalog; name = Global.xcassets; path = ../Global.xcassets; sourceTree = "<group>"; };
		D2F5CDA61AB4C0BA0035B91A /* Settings.storyboard */ = {isa = PBXFileReference; fileEncoding = 4; lastKnownFileType = file.storyboard; path = Settings.storyboard; sourceTree = "<group>"; };
		D2FA22921AD0710500D6BE94 /* LoginViewController.swift */ = {isa = PBXFileReference; fileEncoding = 4; lastKnownFileType = sourcecode.swift; path = LoginViewController.swift; sourceTree = "<group>"; };
		F385E8AF0743AF52C2A71D2D /* Pods-kycTests.debug.xcconfig */ = {isa = PBXFileReference; includeInIndex = 1; lastKnownFileType = text.xcconfig; name = "Pods-kycTests.debug.xcconfig"; path = "Pods/Target Support Files/Pods-kycTests/Pods-kycTests.debug.xcconfig"; sourceTree = "<group>"; };
/* End PBXFileReference section */

/* Begin PBXFrameworksBuildPhase section */
		D2F5CD481AB49A0C0035B91A /* Frameworks */ = {
			isa = PBXFrameworksBuildPhase;
			buildActionMask = 2147483647;
			files = (
				D38B3E9555A11CB7C040ADE3 /* libPods-kyc.a in Frameworks */,
			);
			runOnlyForDeploymentPostprocessing = 0;
		};
		D2F5CD5D1AB49A0C0035B91A /* Frameworks */ = {
			isa = PBXFrameworksBuildPhase;
			buildActionMask = 2147483647;
			files = (
				85A5BD4ACB18D01DE6513EF3 /* libPods-kycTests.a in Frameworks */,
			);
			runOnlyForDeploymentPostprocessing = 0;
		};
/* End PBXFrameworksBuildPhase section */

/* Begin PBXGroup section */
		127935CB10579C24E1DE3D7D /* Pods */ = {
			isa = PBXGroup;
			children = (
				5A4C6C2AB49E1DE2DB5F86DF /* Pods-kyc.debug.xcconfig */,
				AB8388E5FD0776B2A735517F /* Pods-kyc.release.xcconfig */,
				F385E8AF0743AF52C2A71D2D /* Pods-kycTests.debug.xcconfig */,
				BF036E30571F0E5D14DCCDFC /* Pods-kycTests.release.xcconfig */,
			);
			name = Pods;
			sourceTree = "<group>";
		};
		535C2EDC80FFE59FB29388A8 /* Frameworks */ = {
			isa = PBXGroup;
			children = (
				483DDD11EFC66F30E4A129CF /* libPods-kyc.a */,
				481C4A8826D91774AD82E4DA /* libPods-kycTests.a */,
			);
			name = Frameworks;
			sourceTree = "<group>";
		};
		D209DFD11AC23F5500648137 /* Repository */ = {
			isa = PBXGroup;
			children = (
				D209DFE21AC4A6CD00648137 /* DayPrefsRepository.swift */,
				D209DFDC1AC35FAF00648137 /* BoatsRepository.swift */,
				D209DFD21AC23F5500648137 /* ForecastRepository.swift */,
				D209DFD61AC3414F00648137 /* BookingRepository.swift */,
				D209DFE81AC4AFE300648137 /* BoatPrefsRepository.swift */,
				D209DFD31AC23F5500648137 /* Repository.swift */,
				D209DFEC1AC4B64B00648137 /* UserRepository.swift */,
				D209DFF01AC4B96700648137 /* SettingRepository.swift */,
			);
			path = Repository;
			sourceTree = "<group>";
		};
		D211C6861AD910EC00892F9D /* Cells */ = {
			isa = PBXGroup;
			children = (
				D211C6871AD910F600892F9D /* DayPrefCell.swift */,
				D2B5DA461AE0E6600071C7EC /* DayPrefSection.swift */,
				D2B5DA4B1AE0F5760071C7EC /* DayPrefToggleButton.swift */,
			);
			path = Cells;
			sourceTree = "<group>";
		};
		D24E6B441AC4BE130035FBBF /* Repository */ = {
			isa = PBXGroup;
			children = (
				D24E6B451AC4BE130035FBBF /* BoatPrefsRepositoryTests.swift */,
				D24E6B461AC4BE130035FBBF /* BoatsRepositoryTests.swift */,
				D24E6B471AC4BE130035FBBF /* BookingRepositoryTests.swift */,
				D24E6B481AC4BE130035FBBF /* DayPrefsRepositoryTests.swift */,
				D24E6B491AC4BE130035FBBF /* ForecastRepositoryTests.swift */,
				D24E6B4A1AC4BE130035FBBF /* SettingRepositoryTests.swift */,
				D24E6B4B1AC4BE130035FBBF /* UserRepositoryTests.swift */,
			);
			path = Repository;
			sourceTree = "<group>";
		};
		D24E6B591AC4C4250035FBBF /* Services */ = {
			isa = PBXGroup;
			children = (
				D280BD691ACEC5290011D4E6 /* Parsers */,
				D2C0D0301AC5700600A5BC42 /* Contracts */,
				D24E6B5A1AC4C4370035FBBF /* ForecastService.swift */,
				D2616B681ACF3954009D62FC /* PreferenceService.swift */,
				D2735C091ACFFC9F00AB60E0 /* BookingService.swift */,
				D291D34B1AD07D2900666F88 /* ForecastAndBookingMatcher.swift */,
			);
			path = Services;
			sourceTree = "<group>";
		};
		D24E6B5C1AC4C73B0035FBBF /* Services */ = {
			isa = PBXGroup;
			children = (
				D24E6B5D1AC4C7520035FBBF /* ForecastServiceTests.swift */,
				D280BD651ACEB5AB0011D4E6 /* preferenceData.json */,
				D24E6B5F1AC4D2B80035FBBF /* weatherData.json */,
				D2C0D0391AC57E7100A5BC42 /* ForecastParserTests.swift */,
				D280BD6E1ACEC84A0011D4E6 /* PreferenceParserTests.swift */,
				D2616B6A1ACF3E92009D62FC /* PreferenceServiceTests.swift */,
				D2735C0D1AD0008800AB60E0 /* bookingData.json */,
				D2735C111AD0066F00AB60E0 /* BookingParserTests.swift */,
				D285ADAD1AD010EB00E12663 /* BookingServiceTests.swift */,
			);
			path = Services;
			sourceTree = "<group>";
		};
		D278B3161AE800BA00DAD08A /* Cells */ = {
			isa = PBXGroup;
			children = (
				D278B3171AE800D800DAD08A /* AutomaticBookingCell.swift */,
				D278B3191AE8193800DAD08A /* AutomaticBookingFooterCell.swift */,
			);
			path = Cells;
			sourceTree = "<group>";
		};
		D280BD691ACEC5290011D4E6 /* Parsers */ = {
			isa = PBXGroup;
			children = (
				D280BD6A1ACEC5430011D4E6 /* ForecastParser.swift */,
				D280BD6C1ACEC5510011D4E6 /* PreferenceParser.swift */,
				D2735C0B1ACFFFA000AB60E0 /* BookingParser.swift */,
			);
			path = Parsers;
			sourceTree = "<group>";
		};
		D284D2621AE144A000878562 /* Configuration */ = {
			isa = PBXGroup;
			children = (
				D284D2631AE144AC00878562 /* ConfigReader.swift */,
			);
			path = Configuration;
			sourceTree = "<group>";
		};
		D284D2691AE14C2C00878562 /* Configuration */ = {
			isa = PBXGroup;
			children = (
				D284D26A1AE14C4300878562 /* ConfigReaderDummy.swift */,
			);
			path = Configuration;
			sourceTree = "<group>";
		};
		D2985A4E1ABD66A50008EFCB /* Assets */ = {
			isa = PBXGroup;
			children = (
				D2F5CDA41AB4BCB80035B91A /* Global.xcassets */,
				D2BD510A1AB4E2860025E03F /* Weather.xcassets */,
				D2BD510C1AB4E2B50025E03F /* Boats.xcassets */,
				D2F5CD811AB4A10D0035B91A /* Menu.xcassets */,
				D2F5CD571AB49A0C0035B91A /* Images.xcassets */,
				D211C6891AD91EE800892F9D /* Days.xcassets */,
			);
			path = Assets;
			sourceTree = "<group>";
		};
		D2985A511ABD8AA20008EFCB /* Utilities */ = {
			isa = PBXGroup;
			children = (
				D2985A521ABD8AAF0008EFCB /* Functions.swift */,
				D2985A911ABDC4D30008EFCB /* DateExt.swift */,
				D2C0D0331AC5709D00A5BC42 /* JsonParser.swift */,
				D2C0D0351AC5715700A5BC42 /* JsonClient.swift */,
				D26D37791AE84272003754B3 /* StringExt.swift */,
			);
			path = Utilities;
			sourceTree = "<group>";
		};
		D2985A931ABDD16F0008EFCB /* Cells */ = {
			isa = PBXGroup;
			children = (
				D2985A941ABDD1970008EFCB /* ForecastWithBookingCell.swift */,
				D2985A961ABDD36B0008EFCB /* ForecastWithNoBookingCell.swift */,
				D2985A981ABDF1760008EFCB /* ForecastHeaderCell.swift */,
			);
			path = Cells;
			sourceTree = "<group>";
		};
		D2A783EA1AC0C7EE00AA2777 /* Container */ = {
			isa = PBXGroup;
			children = (
				D2A783EB1AC0C80D00AA2777 /* CoreComponents.swift */,
			);
			path = Container;
			sourceTree = "<group>";
		};
		D2B5DA431AE052450071C7EC /* Cells */ = {
			isa = PBXGroup;
			children = (
				D2B5DA441AE052740071C7EC /* BoatRankCell.swift */,
				D2B5DA4D1AE0F6B50071C7EC /* BoatRankToggleButton.swift */,
			);
			path = Cells;
			sourceTree = "<group>";
		};
		D2B5DA481AE0E6B90071C7EC /* UICore */ = {
			isa = PBXGroup;
			children = (
				D2B5DA491AE0E6D10071C7EC /* ToggleButton.swift */,
			);
			path = UICore;
			sourceTree = "<group>";
		};
		D2BD50F91AB4DA8A0025E03F /* Dao */ = {
			isa = PBXGroup;
			children = (
				D2BD51021AB4DAAD0025E03F /* ForecastDao.swift */,
				D2BD50FA1AB4DAAC0025E03F /* BookingDao.swift */,
				D2BD50FC1AB4DAAD0025E03F /* BoatDao.swift */,
				D2BD51061AB4DAAE0025E03F /* DayPrefDao.swift */,
				D2BD51041AB4DAAD0025E03F /* BoatPrefDao.swift */,
				D2BD51001AB4DAAD0025E03F /* UserDao.swift */,
				D2BD50FE1AB4DAAD0025E03F /* SettingDao.swift */,
			);
			name = Dao;
			sourceTree = "<group>";
		};
		D2C0D0301AC5700600A5BC42 /* Contracts */ = {
			isa = PBXGroup;
			children = (
				D2C0D0311AC5702400A5BC42 /* ForecastJson.swift */,
				D280BD671ACEB5FB0011D4E6 /* PreferenceJson.swift */,
				D2735C0F1AD000C900AB60E0 /* BookingJson.swift */,
			);
			path = Contracts;
			sourceTree = "<group>";
		};
		D2C97A711AD5C5B9003C924B /* Container */ = {
			isa = PBXGroup;
			children = (
				D2C97A721AD5C5B9003C924B /* ComponentsTests.swift */,
			);
			path = Container;
			sourceTree = "<group>";
		};
		D2F5CD421AB49A0C0035B91A = {
			isa = PBXGroup;
			children = (
				D2F5CD4D1AB49A0C0035B91A /* kyc */,
				D2F5CD631AB49A0C0035B91A /* kycTests */,
				D2F5CD4C1AB49A0C0035B91A /* Products */,
				127935CB10579C24E1DE3D7D /* Pods */,
				535C2EDC80FFE59FB29388A8 /* Frameworks */,
			);
			sourceTree = "<group>";
		};
		D2F5CD4C1AB49A0C0035B91A /* Products */ = {
			isa = PBXGroup;
			children = (
				D2F5CD4B1AB49A0C0035B91A /* kyc.app */,
				D2F5CD601AB49A0C0035B91A /* kycTests.xctest */,
			);
			name = Products;
			sourceTree = "<group>";
		};
		D2F5CD4D1AB49A0C0035B91A /* kyc */ = {
			isa = PBXGroup;
			children = (
				D2B5DA481AE0E6B90071C7EC /* UICore */,
				D2C97A701AD5C429003C924B /* kyc-Bridging-Header.h */,
				D2985A4E1ABD66A50008EFCB /* Assets */,
				D2F5CD701AB49DF50035B91A /* Core */,
				D2F5CD731AB49DF50035B91A /* Models */,
				D2F5CD741AB49DF50035B91A /* Storyboards */,
				D2F5CD751AB49DF50035B91A /* UI */,
				D2F5CD591AB49A0C0035B91A /* LaunchScreen.xib */,
				D2F5CD4E1AB49A0C0035B91A /* Supporting Files */,
				D284D2651AE1492000878562 /* config.plist */,
			);
			path = kyc;
			sourceTree = "<group>";
		};
		D2F5CD4E1AB49A0C0035B91A /* Supporting Files */ = {
			isa = PBXGroup;
			children = (
				D2F5CD4F1AB49A0C0035B91A /* Info.plist */,
			);
			name = "Supporting Files";
			sourceTree = "<group>";
		};
		D2F5CD631AB49A0C0035B91A /* kycTests */ = {
			isa = PBXGroup;
			children = (
				D284D2691AE14C2C00878562 /* Configuration */,
				D284D2671AE14BD100878562 /* config.plist */,
				D2C97A711AD5C5B9003C924B /* Container */,
				D24E6B5C1AC4C73B0035FBBF /* Services */,
				D24E6B441AC4BE130035FBBF /* Repository */,
				D2F5CD641AB49A0C0035B91A /* Supporting Files */,
				D2A7840F1AC1FC8600AA2777 /* kycTests-Bridging-Header.h */,
				D29F775B1AD6F0D1009BC222 /* UtilityClass.h */,
				D29F775C1AD6F0D1009BC222 /* UtilityClass.m */,
			);
			path = kycTests;
			sourceTree = "<group>";
		};
		D2F5CD641AB49A0C0035B91A /* Supporting Files */ = {
			isa = PBXGroup;
			children = (
				D2F5CD651AB49A0C0035B91A /* Info.plist */,
			);
			name = "Supporting Files";
			sourceTree = "<group>";
		};
		D2F5CD701AB49DF50035B91A /* Core */ = {
			isa = PBXGroup;
			children = (
				D284D2621AE144A000878562 /* Configuration */,
				D2A783EA1AC0C7EE00AA2777 /* Container */,
				D24E6B591AC4C4250035FBBF /* Services */,
				D209DFD11AC23F5500648137 /* Repository */,
				D2F5CD501AB49A0C0035B91A /* AppDelegate.swift */,
				D2985A511ABD8AA20008EFCB /* Utilities */,
				D2F5CD8E1AB4A61C0035B91A /* Logger.swift */,
			);
			path = Core;
			sourceTree = "<group>";
		};
		D2F5CD731AB49DF50035B91A /* Models */ = {
			isa = PBXGroup;
			children = (
				D2BD50F91AB4DA8A0025E03F /* Dao */,
				D2BD50D81AB4C9100025E03F /* Day.swift */,
				D209DFE61AC4AB1100648137 /* Time.swift */,
			);
			path = Models;
			sourceTree = "<group>";
		};
		D2F5CD741AB49DF50035B91A /* Storyboards */ = {
			isa = PBXGroup;
			children = (
				D2F5CD901AB4A7AA0035B91A /* Menu.storyboard */,
				D2F5CD541AB49A0C0035B91A /* Main.storyboard */,
				D2F5CD9E1AB4B9790035B91A /* Days.storyboard */,
				D2F5CDA01AB4B9C50035B91A /* Boats.storyboard */,
				D2F5CDA21AB4B9DF0035B91A /* Bookings.storyboard */,
				D2F5CDA61AB4C0BA0035B91A /* Settings.storyboard */,
			);
			path = Storyboards;
			sourceTree = "<group>";
		};
		D2F5CD751AB49DF50035B91A /* UI */ = {
			isa = PBXGroup;
			children = (
				D2F5CD7D1AB49FF60035B91A /* ViewControllersFactory.swift */,
				D2F5CD761AB49DF50035B91A /* Boats */,
				D2F5CD771AB49DF50035B91A /* Bookings */,
				D2F5CD781AB49DF50035B91A /* Days */,
				D2F5CD791AB49DF50035B91A /* Login */,
				D2F5CD7A1AB49DF50035B91A /* Main */,
				D2F5CD7B1AB49DF50035B91A /* Menu */,
				D2F5CD7C1AB49DF50035B91A /* Settings */,
			);
			path = UI;
			sourceTree = "<group>";
		};
		D2F5CD761AB49DF50035B91A /* Boats */ = {
			isa = PBXGroup;
			children = (
				D2B5DA431AE052450071C7EC /* Cells */,
				D2BD510E1AB4E3E30025E03F /* KayakBoatsViewController.swift */,
				D2BD510F1AB4E3E30025E03F /* SurfBoatsViewController.swift */,
				D2F5CD981AB4ABA30035B91A /* BoatsViewController.swift */,
				D2BD51121AB4E6350025E03F /* BoatsTabViewController.swift */,
			);
			path = Boats;
			sourceTree = "<group>";
		};
		D2F5CD771AB49DF50035B91A /* Bookings */ = {
			isa = PBXGroup;
			children = (
				D2F5CD961AB4AB900035B91A /* BookingsViewController.swift */,
			);
			path = Bookings;
			sourceTree = "<group>";
		};
		D2F5CD781AB49DF50035B91A /* Days */ = {
			isa = PBXGroup;
			children = (
				D211C6861AD910EC00892F9D /* Cells */,
				D2F5CD941AB4AB520035B91A /* DaysViewController.swift */,
			);
			path = Days;
			sourceTree = "<group>";
		};
		D2F5CD791AB49DF50035B91A /* Login */ = {
			isa = PBXGroup;
			children = (
				D2FA22921AD0710500D6BE94 /* LoginViewController.swift */,
			);
			path = Login;
			sourceTree = "<group>";
		};
		D2F5CD7A1AB49DF50035B91A /* Main */ = {
			isa = PBXGroup;
			children = (
				D2985A931ABDD16F0008EFCB /* Cells */,
				D2F5CD921AB4A8810035B91A /* MainViewController.swift */,
			);
			path = Main;
			sourceTree = "<group>";
		};
		D2F5CD7B1AB49DF50035B91A /* Menu */ = {
			isa = PBXGroup;
			children = (
				D2F5CD7F1AB4A10D0035B91A /* CenterViewController.swift */,
				D2F5CD801AB4A10D0035B91A /* ContainerViewController.swift */,
				D2F5CD821AB4A10D0035B91A /* MenuItem.swift */,
				D2F5CD831AB4A10D0035B91A /* SidePanelViewController.swift */,
			);
			path = Menu;
			sourceTree = "<group>";
		};
		D2F5CD7C1AB49DF50035B91A /* Settings */ = {
			isa = PBXGroup;
			children = (
				D278B3161AE800BA00DAD08A /* Cells */,
				D2BEEC011AB4C1D100C6CA08 /* SettingsViewController.swift */,
			);
			path = Settings;
			sourceTree = "<group>";
		};
/* End PBXGroup section */

/* Begin PBXNativeTarget section */
		D2F5CD4A1AB49A0C0035B91A /* kyc */ = {
			isa = PBXNativeTarget;
			buildConfigurationList = D2F5CD6A1AB49A0C0035B91A /* Build configuration list for PBXNativeTarget "kyc" */;
			buildPhases = (
				8AB093AE9C18345CD2EAF4AB /* Check Pods Manifest.lock */,
				D2F5CD471AB49A0C0035B91A /* Sources */,
				D2F5CD481AB49A0C0035B91A /* Frameworks */,
				D2F5CD491AB49A0C0035B91A /* Resources */,
				E55B114A49C402BAF390606C /* Copy Pods Resources */,
			);
			buildRules = (
			);
			dependencies = (
			);
			name = kyc;
			productName = kyc;
			productReference = D2F5CD4B1AB49A0C0035B91A /* kyc.app */;
			productType = "com.apple.product-type.application";
		};
		D2F5CD5F1AB49A0C0035B91A /* kycTests */ = {
			isa = PBXNativeTarget;
			buildConfigurationList = D2F5CD6D1AB49A0C0035B91A /* Build configuration list for PBXNativeTarget "kycTests" */;
			buildPhases = (
				A2B9B159942D1EE83AB42030 /* Check Pods Manifest.lock */,
				D2F5CD5C1AB49A0C0035B91A /* Sources */,
				D2F5CD5D1AB49A0C0035B91A /* Frameworks */,
				D2F5CD5E1AB49A0C0035B91A /* Resources */,
				AB61B6CCB1BB87D63DA203B2 /* Copy Pods Resources */,
			);
			buildRules = (
			);
			dependencies = (
				D2F5CD621AB49A0C0035B91A /* PBXTargetDependency */,
			);
			name = kycTests;
			productName = kycTests;
			productReference = D2F5CD601AB49A0C0035B91A /* kycTests.xctest */;
			productType = "com.apple.product-type.bundle.unit-test";
		};
/* End PBXNativeTarget section */

/* Begin PBXProject section */
		D2F5CD431AB49A0C0035B91A /* Project object */ = {
			isa = PBXProject;
			attributes = {
				LastUpgradeCheck = 0620;
				ORGANIZATIONNAME = "Ilan Levy";
				TargetAttributes = {
					D2F5CD4A1AB49A0C0035B91A = {
						CreatedOnToolsVersion = 6.2;
					};
					D2F5CD5F1AB49A0C0035B91A = {
						CreatedOnToolsVersion = 6.2;
						TestTargetID = D2F5CD4A1AB49A0C0035B91A;
					};
				};
			};
			buildConfigurationList = D2F5CD461AB49A0C0035B91A /* Build configuration list for PBXProject "kyc" */;
			compatibilityVersion = "Xcode 3.2";
			developmentRegion = English;
			hasScannedForEncodings = 0;
			knownRegions = (
				en,
				Base,
			);
			mainGroup = D2F5CD421AB49A0C0035B91A;
			productRefGroup = D2F5CD4C1AB49A0C0035B91A /* Products */;
			projectDirPath = "";
			projectRoot = "";
			targets = (
				D2F5CD4A1AB49A0C0035B91A /* kyc */,
				D2F5CD5F1AB49A0C0035B91A /* kycTests */,
			);
		};
/* End PBXProject section */

/* Begin PBXResourcesBuildPhase section */
		D2F5CD491AB49A0C0035B91A /* Resources */ = {
			isa = PBXResourcesBuildPhase;
			buildActionMask = 2147483647;
			files = (
				D284D2661AE1492000878562 /* config.plist in Resources */,
				D2F5CD911AB4A7AA0035B91A /* Menu.storyboard in Resources */,
				D2F5CD561AB49A0C0035B91A /* Main.storyboard in Resources */,
				D211C68A1AD91EE800892F9D /* Days.xcassets in Resources */,
				D2F5CD5B1AB49A0C0035B91A /* LaunchScreen.xib in Resources */,
				D2F5CDA11AB4B9C50035B91A /* Boats.storyboard in Resources */,
				D2F5CDA51AB4BCB80035B91A /* Global.xcassets in Resources */,
				D2F5CD861AB4A10D0035B91A /* Menu.xcassets in Resources */,
				D2F5CD581AB49A0C0035B91A /* Images.xcassets in Resources */,
				D2F5CDA31AB4B9DF0035B91A /* Bookings.storyboard in Resources */,
				D2F5CD9F1AB4B9790035B91A /* Days.storyboard in Resources */,
				D2BD510B1AB4E2860025E03F /* Weather.xcassets in Resources */,
				D2F5CDA71AB4C0BA0035B91A /* Settings.storyboard in Resources */,
				D2BD510D1AB4E2B50025E03F /* Boats.xcassets in Resources */,
			);
			runOnlyForDeploymentPostprocessing = 0;
		};
		D2F5CD5E1AB49A0C0035B91A /* Resources */ = {
			isa = PBXResourcesBuildPhase;
			buildActionMask = 2147483647;
			files = (
				D284D2681AE14BD100878562 /* config.plist in Resources */,
				D280BD661ACEB5AB0011D4E6 /* preferenceData.json in Resources */,
				D2735C0E1AD0008800AB60E0 /* bookingData.json in Resources */,
				D24E6B601AC4D2B80035FBBF /* weatherData.json in Resources */,
			);
			runOnlyForDeploymentPostprocessing = 0;
		};
/* End PBXResourcesBuildPhase section */

/* Begin PBXShellScriptBuildPhase section */
		8AB093AE9C18345CD2EAF4AB /* Check Pods Manifest.lock */ = {
			isa = PBXShellScriptBuildPhase;
			buildActionMask = 2147483647;
			files = (
			);
			inputPaths = (
			);
			name = "Check Pods Manifest.lock";
			outputPaths = (
			);
			runOnlyForDeploymentPostprocessing = 0;
			shellPath = /bin/sh;
			shellScript = "diff \"${PODS_ROOT}/../Podfile.lock\" \"${PODS_ROOT}/Manifest.lock\" > /dev/null\nif [[ $? != 0 ]] ; then\n    cat << EOM\nerror: The sandbox is not in sync with the Podfile.lock. Run 'pod install' or update your CocoaPods installation.\nEOM\n    exit 1\nfi\n";
			showEnvVarsInLog = 0;
		};
		A2B9B159942D1EE83AB42030 /* Check Pods Manifest.lock */ = {
			isa = PBXShellScriptBuildPhase;
			buildActionMask = 2147483647;
			files = (
			);
			inputPaths = (
			);
			name = "Check Pods Manifest.lock";
			outputPaths = (
			);
			runOnlyForDeploymentPostprocessing = 0;
			shellPath = /bin/sh;
			shellScript = "diff \"${PODS_ROOT}/../Podfile.lock\" \"${PODS_ROOT}/Manifest.lock\" > /dev/null\nif [[ $? != 0 ]] ; then\n    cat << EOM\nerror: The sandbox is not in sync with the Podfile.lock. Run 'pod install' or update your CocoaPods installation.\nEOM\n    exit 1\nfi\n";
			showEnvVarsInLog = 0;
		};
		AB61B6CCB1BB87D63DA203B2 /* Copy Pods Resources */ = {
			isa = PBXShellScriptBuildPhase;
			buildActionMask = 2147483647;
			files = (
			);
			inputPaths = (
			);
			name = "Copy Pods Resources";
			outputPaths = (
			);
			runOnlyForDeploymentPostprocessing = 0;
			shellPath = /bin/sh;
			shellScript = "\"${SRCROOT}/Pods/Target Support Files/Pods-kycTests/Pods-kycTests-resources.sh\"\n";
			showEnvVarsInLog = 0;
		};
		E55B114A49C402BAF390606C /* Copy Pods Resources */ = {
			isa = PBXShellScriptBuildPhase;
			buildActionMask = 2147483647;
			files = (
			);
			inputPaths = (
			);
			name = "Copy Pods Resources";
			outputPaths = (
			);
			runOnlyForDeploymentPostprocessing = 0;
			shellPath = /bin/sh;
			shellScript = "\"${SRCROOT}/Pods/Target Support Files/Pods-kyc/Pods-kyc-resources.sh\"\n";
			showEnvVarsInLog = 0;
		};
/* End PBXShellScriptBuildPhase section */

/* Begin PBXSourcesBuildPhase section */
		D2F5CD471AB49A0C0035B91A /* Sources */ = {
			isa = PBXSourcesBuildPhase;
			buildActionMask = 2147483647;
			files = (
				D209DFDD1AC35FAF00648137 /* BoatsRepository.swift in Sources */,
				D2BD51111AB4E3E30025E03F /* SurfBoatsViewController.swift in Sources */,
				D2985A921ABDC4D30008EFCB /* DateExt.swift in Sources */,
				D2985A971ABDD36B0008EFCB /* ForecastWithNoBookingCell.swift in Sources */,
				D278B31A1AE8193800DAD08A /* AutomaticBookingFooterCell.swift in Sources */,
				D2C0D0361AC5715700A5BC42 /* JsonClient.swift in Sources */,
				D2F5CD991AB4ABA30035B91A /* BoatsViewController.swift in Sources */,
				D2F5CD841AB4A10D0035B91A /* CenterViewController.swift in Sources */,
				D2BD51071AB4DAAE0025E03F /* DayPrefDao.swift in Sources */,
				D2735C0A1ACFFC9F00AB60E0 /* BookingService.swift in Sources */,
				D24E6B5B1AC4C4370035FBBF /* ForecastService.swift in Sources */,
				D2BD51051AB4DAAD0025E03F /* BoatPrefDao.swift in Sources */,
				D211C6881AD910F600892F9D /* DayPrefCell.swift in Sources */,
				D278B3181AE800D800DAD08A /* AutomaticBookingCell.swift in Sources */,
				D2985A531ABD8AAF0008EFCB /* Functions.swift in Sources */,
				D2F5CD971AB4AB900035B91A /* BookingsViewController.swift in Sources */,
				D2F5CD951AB4AB520035B91A /* DaysViewController.swift in Sources */,
				D2F5CD851AB4A10D0035B91A /* ContainerViewController.swift in Sources */,
				D2BD50FB1AB4DAAC0025E03F /* BookingDao.swift in Sources */,
				D209DFE91AC4AFE300648137 /* BoatPrefsRepository.swift in Sources */,
				D209DFF11AC4B96700648137 /* SettingRepository.swift in Sources */,
				D2C0D0321AC5702400A5BC42 /* ForecastJson.swift in Sources */,
				D2A783EC1AC0C80D00AA2777 /* CoreComponents.swift in Sources */,
				D2BEEC021AB4C1D100C6CA08 /* SettingsViewController.swift in Sources */,
				D2BD51011AB4DAAD0025E03F /* UserDao.swift in Sources */,
				D209DFD41AC23F5500648137 /* ForecastRepository.swift in Sources */,
				D209DFE71AC4AB1100648137 /* Time.swift in Sources */,
				D2BD51131AB4E6350025E03F /* BoatsTabViewController.swift in Sources */,
				D280BD6B1ACEC5430011D4E6 /* ForecastParser.swift in Sources */,
				D2F5CD8F1AB4A61C0035B91A /* Logger.swift in Sources */,
				D280BD6D1ACEC5510011D4E6 /* PreferenceParser.swift in Sources */,
				D2BD50FF1AB4DAAD0025E03F /* SettingDao.swift in Sources */,
				D2C0D0341AC5709D00A5BC42 /* JsonParser.swift in Sources */,
				D209DFE31AC4A6CD00648137 /* DayPrefsRepository.swift in Sources */,
				D2735C0C1ACFFFA000AB60E0 /* BookingParser.swift in Sources */,
				D209DFD71AC3414F00648137 /* BookingRepository.swift in Sources */,
				D280BD681ACEB5FB0011D4E6 /* PreferenceJson.swift in Sources */,
				D2985A951ABDD1970008EFCB /* ForecastWithBookingCell.swift in Sources */,
				D2616B691ACF3954009D62FC /* PreferenceService.swift in Sources */,
				D2B5DA4C1AE0F5760071C7EC /* DayPrefToggleButton.swift in Sources */,
				D2B5DA471AE0E6600071C7EC /* DayPrefSection.swift in Sources */,
				D2BD51031AB4DAAD0025E03F /* ForecastDao.swift in Sources */,
				D2BD51101AB4E3E30025E03F /* KayakBoatsViewController.swift in Sources */,
				D2FA22931AD0710500D6BE94 /* LoginViewController.swift in Sources */,
				D2B5DA4A1AE0E6D10071C7EC /* ToggleButton.swift in Sources */,
				D2B5DA4E1AE0F6B50071C7EC /* BoatRankToggleButton.swift in Sources */,
				D284D2641AE144AC00878562 /* ConfigReader.swift in Sources */,
				D2985A991ABDF1760008EFCB /* ForecastHeaderCell.swift in Sources */,
				D2F5CD871AB4A10D0035B91A /* MenuItem.swift in Sources */,
				D2735C101AD000C900AB60E0 /* BookingJson.swift in Sources */,
				D2B5DA451AE052740071C7EC /* BoatRankCell.swift in Sources */,
				D26D377A1AE84272003754B3 /* StringExt.swift in Sources */,
				D2F5CD881AB4A10D0035B91A /* SidePanelViewController.swift in Sources */,
				D2F5CD511AB49A0C0035B91A /* AppDelegate.swift in Sources */,
				D291D34C1AD07D2900666F88 /* ForecastAndBookingMatcher.swift in Sources */,
				D209DFD51AC23F5500648137 /* Repository.swift in Sources */,
				D2F5CD7E1AB49FF60035B91A /* ViewControllersFactory.swift in Sources */,
				D2BD50D91AB4C9100025E03F /* Day.swift in Sources */,
				D2F5CD931AB4A8810035B91A /* MainViewController.swift in Sources */,
				D209DFED1AC4B64B00648137 /* UserRepository.swift in Sources */,
				D2BD50FD1AB4DAAD0025E03F /* BoatDao.swift in Sources */,
			);
			runOnlyForDeploymentPostprocessing = 0;
		};
		D2F5CD5C1AB49A0C0035B91A /* Sources */ = {
			isa = PBXSourcesBuildPhase;
			buildActionMask = 2147483647;
			files = (
				D2735C121AD0066F00AB60E0 /* BookingParserTests.swift in Sources */,
				D2C97A731AD5C5B9003C924B /* ComponentsTests.swift in Sources */,
				D2C0D03A1AC57E7100A5BC42 /* ForecastParserTests.swift in Sources */,
				D280BD6F1ACEC84A0011D4E6 /* PreferenceParserTests.swift in Sources */,
				D24E6B5E1AC4C7520035FBBF /* ForecastServiceTests.swift in Sources */,
				D24E6B4C1AC4BE130035FBBF /* BoatPrefsRepositoryTests.swift in Sources */,
				D24E6B4F1AC4BE130035FBBF /* DayPrefsRepositoryTests.swift in Sources */,
				D284D26B1AE14C4300878562 /* ConfigReaderDummy.swift in Sources */,
				D24E6B511AC4BE130035FBBF /* SettingRepositoryTests.swift in Sources */,
				D24E6B501AC4BE130035FBBF /* ForecastRepositoryTests.swift in Sources */,
				D2616B6B1ACF3E92009D62FC /* PreferenceServiceTests.swift in Sources */,
				D29F775D1AD6F0D1009BC222 /* UtilityClass.m in Sources */,
				D24E6B4D1AC4BE130035FBBF /* BoatsRepositoryTests.swift in Sources */,
				D24E6B521AC4BE130035FBBF /* UserRepositoryTests.swift in Sources */,
				D24E6B4E1AC4BE130035FBBF /* BookingRepositoryTests.swift in Sources */,
				D285ADAE1AD010EB00E12663 /* BookingServiceTests.swift in Sources */,
			);
			runOnlyForDeploymentPostprocessing = 0;
		};
/* End PBXSourcesBuildPhase section */

/* Begin PBXTargetDependency section */
		D2F5CD621AB49A0C0035B91A /* PBXTargetDependency */ = {
			isa = PBXTargetDependency;
			target = D2F5CD4A1AB49A0C0035B91A /* kyc */;
			targetProxy = D2F5CD611AB49A0C0035B91A /* PBXContainerItemProxy */;
		};
/* End PBXTargetDependency section */

/* Begin PBXVariantGroup section */
		D2F5CD541AB49A0C0035B91A /* Main.storyboard */ = {
			isa = PBXVariantGroup;
			children = (
				D2F5CD551AB49A0C0035B91A /* Base */,
			);
			name = Main.storyboard;
			path = ..;
			sourceTree = "<group>";
		};
		D2F5CD591AB49A0C0035B91A /* LaunchScreen.xib */ = {
			isa = PBXVariantGroup;
			children = (
				D2F5CD5A1AB49A0C0035B91A /* Base */,
			);
			name = LaunchScreen.xib;
			sourceTree = "<group>";
		};
/* End PBXVariantGroup section */

/* Begin XCBuildConfiguration section */
		D2F5CD681AB49A0C0035B91A /* Debug */ = {
			isa = XCBuildConfiguration;
			buildSettings = {
				ALWAYS_SEARCH_USER_PATHS = NO;
				CLANG_CXX_LANGUAGE_STANDARD = "gnu++0x";
				CLANG_CXX_LIBRARY = "libc++";
				CLANG_ENABLE_MODULES = YES;
				CLANG_ENABLE_OBJC_ARC = YES;
				CLANG_WARN_BOOL_CONVERSION = YES;
				CLANG_WARN_CONSTANT_CONVERSION = YES;
				CLANG_WARN_DIRECT_OBJC_ISA_USAGE = YES_ERROR;
				CLANG_WARN_EMPTY_BODY = YES;
				CLANG_WARN_ENUM_CONVERSION = YES;
				CLANG_WARN_INT_CONVERSION = YES;
				CLANG_WARN_OBJC_ROOT_CLASS = YES_ERROR;
				CLANG_WARN_UNREACHABLE_CODE = YES;
				CLANG_WARN__DUPLICATE_METHOD_MATCH = YES;
				"CODE_SIGN_IDENTITY[sdk=iphoneos*]" = "iPhone Developer";
				COPY_PHASE_STRIP = NO;
				ENABLE_STRICT_OBJC_MSGSEND = YES;
				GCC_C_LANGUAGE_STANDARD = gnu99;
				GCC_DYNAMIC_NO_PIC = NO;
				GCC_OPTIMIZATION_LEVEL = 0;
				GCC_PREPROCESSOR_DEFINITIONS = (
					"DEBUG=1",
					"$(inherited)",
				);
				GCC_SYMBOLS_PRIVATE_EXTERN = NO;
				GCC_WARN_64_TO_32_BIT_CONVERSION = YES;
				GCC_WARN_ABOUT_RETURN_TYPE = YES_ERROR;
				GCC_WARN_UNDECLARED_SELECTOR = YES;
				GCC_WARN_UNINITIALIZED_AUTOS = YES_AGGRESSIVE;
				GCC_WARN_UNUSED_FUNCTION = YES;
				GCC_WARN_UNUSED_VARIABLE = YES;
				IPHONEOS_DEPLOYMENT_TARGET = 8.2;
				MTL_ENABLE_DEBUG_INFO = YES;
				ONLY_ACTIVE_ARCH = YES;
				SDKROOT = iphoneos;
				SWIFT_OPTIMIZATION_LEVEL = "-Onone";
			};
			name = Debug;
		};
		D2F5CD691AB49A0C0035B91A /* Release */ = {
			isa = XCBuildConfiguration;
			buildSettings = {
				ALWAYS_SEARCH_USER_PATHS = NO;
				CLANG_CXX_LANGUAGE_STANDARD = "gnu++0x";
				CLANG_CXX_LIBRARY = "libc++";
				CLANG_ENABLE_MODULES = YES;
				CLANG_ENABLE_OBJC_ARC = YES;
				CLANG_WARN_BOOL_CONVERSION = YES;
				CLANG_WARN_CONSTANT_CONVERSION = YES;
				CLANG_WARN_DIRECT_OBJC_ISA_USAGE = YES_ERROR;
				CLANG_WARN_EMPTY_BODY = YES;
				CLANG_WARN_ENUM_CONVERSION = YES;
				CLANG_WARN_INT_CONVERSION = YES;
				CLANG_WARN_OBJC_ROOT_CLASS = YES_ERROR;
				CLANG_WARN_UNREACHABLE_CODE = YES;
				CLANG_WARN__DUPLICATE_METHOD_MATCH = YES;
				"CODE_SIGN_IDENTITY[sdk=iphoneos*]" = "iPhone Developer";
				COPY_PHASE_STRIP = NO;
				ENABLE_NS_ASSERTIONS = NO;
				ENABLE_STRICT_OBJC_MSGSEND = YES;
				GCC_C_LANGUAGE_STANDARD = gnu99;
				GCC_OPTIMIZATION_LEVEL = 0;
				GCC_WARN_64_TO_32_BIT_CONVERSION = YES;
				GCC_WARN_ABOUT_RETURN_TYPE = YES_ERROR;
				GCC_WARN_UNDECLARED_SELECTOR = YES;
				GCC_WARN_UNINITIALIZED_AUTOS = YES_AGGRESSIVE;
				GCC_WARN_UNUSED_FUNCTION = YES;
				GCC_WARN_UNUSED_VARIABLE = YES;
				IPHONEOS_DEPLOYMENT_TARGET = 8.2;
				MTL_ENABLE_DEBUG_INFO = NO;
				SDKROOT = iphoneos;
				VALIDATE_PRODUCT = YES;
			};
			name = Release;
		};
		D2F5CD6B1AB49A0C0035B91A /* Debug */ = {
			isa = XCBuildConfiguration;
			baseConfigurationReference = 5A4C6C2AB49E1DE2DB5F86DF /* Pods-kyc.debug.xcconfig */;
			buildSettings = {
				ASSETCATALOG_COMPILER_APPICON_NAME = AppIcon;
				CLANG_ENABLE_MODULES = YES;
				INFOPLIST_FILE = kyc/Info.plist;
				LD_RUNPATH_SEARCH_PATHS = "$(inherited) @executable_path/Frameworks";
				PRODUCT_NAME = "$(TARGET_NAME)";
				SWIFT_OBJC_BRIDGING_HEADER = "/Users/ilanlevy/Desktop/kyc/kyc/kyc-Bridging-Header.h";
				SWIFT_OPTIMIZATION_LEVEL = "-O";
			};
			name = Debug;
		};
		D2F5CD6C1AB49A0C0035B91A /* Release */ = {
			isa = XCBuildConfiguration;
			baseConfigurationReference = AB8388E5FD0776B2A735517F /* Pods-kyc.release.xcconfig */;
			buildSettings = {
				ASSETCATALOG_COMPILER_APPICON_NAME = AppIcon;
				CLANG_ENABLE_MODULES = YES;
				INFOPLIST_FILE = kyc/Info.plist;
				LD_RUNPATH_SEARCH_PATHS = "$(inherited) @executable_path/Frameworks";
				PRODUCT_NAME = "$(TARGET_NAME)";
				SWIFT_OBJC_BRIDGING_HEADER = "/Users/ilanlevy/Desktop/kyc/kyc/kyc-Bridging-Header.h";
			};
			name = Release;
		};
		D2F5CD6E1AB49A0C0035B91A /* Debug */ = {
			isa = XCBuildConfiguration;
			baseConfigurationReference = F385E8AF0743AF52C2A71D2D /* Pods-kycTests.debug.xcconfig */;
			buildSettings = {
				BUNDLE_LOADER = "$(TEST_HOST)";
				CLANG_ENABLE_MODULES = YES;
				FRAMEWORK_SEARCH_PATHS = (
					"$(SDKROOT)/Developer/Library/Frameworks",
					"$(inherited)",
				);
				GCC_PREPROCESSOR_DEFINITIONS = (
					"DEBUG=1",
					"$(inherited)",
				);
				INFOPLIST_FILE = kycTests/Info.plist;
				LD_RUNPATH_SEARCH_PATHS = "$(inherited) @executable_path/Frameworks @loader_path/Frameworks";
				PRODUCT_NAME = "$(TARGET_NAME)";
				SWIFT_OBJC_BRIDGING_HEADER = "/Users/ilanlevy/Desktop/kyc/kycTests/kycTests-Bridging-Header.h";
				SWIFT_OPTIMIZATION_LEVEL = "-Onone";
				TEST_HOST = "$(BUILT_PRODUCTS_DIR)/kyc.app/kyc";
			};
			name = Debug;
		};
		D2F5CD6F1AB49A0C0035B91A /* Release */ = {
			isa = XCBuildConfiguration;
			baseConfigurationReference = BF036E30571F0E5D14DCCDFC /* Pods-kycTests.release.xcconfig */;
			buildSettings = {
				BUNDLE_LOADER = "$(TEST_HOST)";
				CLANG_ENABLE_MODULES = YES;
				FRAMEWORK_SEARCH_PATHS = (
					"$(SDKROOT)/Developer/Library/Frameworks",
					"$(inherited)",
				);
				INFOPLIST_FILE = kycTests/Info.plist;
				LD_RUNPATH_SEARCH_PATHS = "$(inherited) @executable_path/Frameworks @loader_path/Frameworks";
				PRODUCT_NAME = "$(TARGET_NAME)";
				SWIFT_OBJC_BRIDGING_HEADER = "/Users/ilanlevy/Desktop/kyc/kycTests/kycTests-Bridging-Header.h";
				TEST_HOST = "$(BUILT_PRODUCTS_DIR)/kyc.app/kyc";
			};
			name = Release;
		};
/* End XCBuildConfiguration section */

/* Begin XCConfigurationList section */
		D2F5CD461AB49A0C0035B91A /* Build configuration list for PBXProject "kyc" */ = {
			isa = XCConfigurationList;
			buildConfigurations = (
				D2F5CD681AB49A0C0035B91A /* Debug */,
				D2F5CD691AB49A0C0035B91A /* Release */,
			);
			defaultConfigurationIsVisible = 0;
			defaultConfigurationName = Release;
		};
		D2F5CD6A1AB49A0C0035B91A /* Build configuration list for PBXNativeTarget "kyc" */ = {
			isa = XCConfigurationList;
			buildConfigurations = (
				D2F5CD6B1AB49A0C0035B91A /* Debug */,
				D2F5CD6C1AB49A0C0035B91A /* Release */,
			);
			defaultConfigurationIsVisible = 0;
			defaultConfigurationName = Release;
		};
		D2F5CD6D1AB49A0C0035B91A /* Build configuration list for PBXNativeTarget "kycTests" */ = {
			isa = XCConfigurationList;
			buildConfigurations = (
				D2F5CD6E1AB49A0C0035B91A /* Debug */,
				D2F5CD6F1AB49A0C0035B91A /* Release */,
			);
			defaultConfigurationIsVisible = 0;
			defaultConfigurationName = Release;
		};
/* End XCConfigurationList section */
	};
	rootObject = D2F5CD431AB49A0C0035B91A /* Project object */;
}
