// !$*UTF8*$!
{
	archiveVersion = 1;
	classes = {
	};
	objectVersion = 46;
	objects = {

/* Begin PBXBuildFile section */
		D2BEEC021AB4C1D100C6CA08 /* SettingsViewController.swift in Sources */ = {isa = PBXBuildFile; fileRef = D2BEEC011AB4C1D100C6CA08 /* SettingsViewController.swift */; };
		D2F5CD511AB49A0C0035B91A /* AppDelegate.swift in Sources */ = {isa = PBXBuildFile; fileRef = D2F5CD501AB49A0C0035B91A /* AppDelegate.swift */; };
		D2F5CD561AB49A0C0035B91A /* Main.storyboard in Resources */ = {isa = PBXBuildFile; fileRef = D2F5CD541AB49A0C0035B91A /* Main.storyboard */; };
		D2F5CD581AB49A0C0035B91A /* Images.xcassets in Resources */ = {isa = PBXBuildFile; fileRef = D2F5CD571AB49A0C0035B91A /* Images.xcassets */; };
		D2F5CD5B1AB49A0C0035B91A /* LaunchScreen.xib in Resources */ = {isa = PBXBuildFile; fileRef = D2F5CD591AB49A0C0035B91A /* LaunchScreen.xib */; };
		D2F5CD671AB49A0C0035B91A /* kycTests.swift in Sources */ = {isa = PBXBuildFile; fileRef = D2F5CD661AB49A0C0035B91A /* kycTests.swift */; };
		D2F5CD7E1AB49FF60035B91A /* ViewControllersFactory.swift in Sources */ = {isa = PBXBuildFile; fileRef = D2F5CD7D1AB49FF60035B91A /* ViewControllersFactory.swift */; };
		D2F5CD841AB4A10D0035B91A /* CenterViewController.swift in Sources */ = {isa = PBXBuildFile; fileRef = D2F5CD7F1AB4A10D0035B91A /* CenterViewController.swift */; };
		D2F5CD851AB4A10D0035B91A /* ContainerViewController.swift in Sources */ = {isa = PBXBuildFile; fileRef = D2F5CD801AB4A10D0035B91A /* ContainerViewController.swift */; };
		D2F5CD861AB4A10D0035B91A /* Menu.xcassets in Resources */ = {isa = PBXBuildFile; fileRef = D2F5CD811AB4A10D0035B91A /* Menu.xcassets */; };
		D2F5CD871AB4A10D0035B91A /* MenuItem.swift in Sources */ = {isa = PBXBuildFile; fileRef = D2F5CD821AB4A10D0035B91A /* MenuItem.swift */; };
		D2F5CD881AB4A10D0035B91A /* SidePanelViewController.swift in Sources */ = {isa = PBXBuildFile; fileRef = D2F5CD831AB4A10D0035B91A /* SidePanelViewController.swift */; };
		D2F5CD8A1AB4A1660035B91A /* Manager.swift in Sources */ = {isa = PBXBuildFile; fileRef = D2F5CD891AB4A1660035B91A /* Manager.swift */; };
		D2F5CD8D1AB4A4000035B91A /* LoginResponse.swift in Sources */ = {isa = PBXBuildFile; fileRef = D2F5CD8C1AB4A4000035B91A /* LoginResponse.swift */; };
		D2F5CD8F1AB4A61C0035B91A /* Logger.swift in Sources */ = {isa = PBXBuildFile; fileRef = D2F5CD8E1AB4A61C0035B91A /* Logger.swift */; };
		D2F5CD911AB4A7AA0035B91A /* Menu.storyboard in Resources */ = {isa = PBXBuildFile; fileRef = D2F5CD901AB4A7AA0035B91A /* Menu.storyboard */; };
		D2F5CD931AB4A8810035B91A /* MainViewController.swift in Sources */ = {isa = PBXBuildFile; fileRef = D2F5CD921AB4A8810035B91A /* MainViewController.swift */; };
		D2F5CD951AB4AB520035B91A /* DaysViewController.swift in Sources */ = {isa = PBXBuildFile; fileRef = D2F5CD941AB4AB520035B91A /* DaysViewController.swift */; };
		D2F5CD971AB4AB900035B91A /* BookingsViewController.swift in Sources */ = {isa = PBXBuildFile; fileRef = D2F5CD961AB4AB900035B91A /* BookingsViewController.swift */; };
		D2F5CD991AB4ABA30035B91A /* BoatsViewController.swift in Sources */ = {isa = PBXBuildFile; fileRef = D2F5CD981AB4ABA30035B91A /* BoatsViewController.swift */; };
		D2F5CD9B1AB4ABF60035B91A /* LoginViewController.swift in Sources */ = {isa = PBXBuildFile; fileRef = D2F5CD9A1AB4ABF60035B91A /* LoginViewController.swift */; };
		D2F5CD9F1AB4B9790035B91A /* Days.storyboard in Resources */ = {isa = PBXBuildFile; fileRef = D2F5CD9E1AB4B9790035B91A /* Days.storyboard */; };
		D2F5CDA11AB4B9C50035B91A /* Boats.storyboard in Resources */ = {isa = PBXBuildFile; fileRef = D2F5CDA01AB4B9C50035B91A /* Boats.storyboard */; };
		D2F5CDA31AB4B9DF0035B91A /* Bookings.storyboard in Resources */ = {isa = PBXBuildFile; fileRef = D2F5CDA21AB4B9DF0035B91A /* Bookings.storyboard */; };
		D2F5CDA51AB4BCB80035B91A /* Global.xcassets in Resources */ = {isa = PBXBuildFile; fileRef = D2F5CDA41AB4BCB80035B91A /* Global.xcassets */; };
		D2F5CDA71AB4C0BA0035B91A /* Settings.storyboard in Resources */ = {isa = PBXBuildFile; fileRef = D2F5CDA61AB4C0BA0035B91A /* Settings.storyboard */; };
/* End PBXBuildFile section */

/* Begin PBXContainerItemProxy section */
		D2F5CD611AB49A0C0035B91A /* PBXContainerItemProxy */ = {
			isa = PBXContainerItemProxy;
			containerPortal = D2F5CD431AB49A0C0035B91A /* Project object */;
			proxyType = 1;
			remoteGlobalIDString = D2F5CD4A1AB49A0C0035B91A;
			remoteInfo = kyc;
		};
/* End PBXContainerItemProxy section */

/* Begin PBXFileReference section */
		D2BEEC011AB4C1D100C6CA08 /* SettingsViewController.swift */ = {isa = PBXFileReference; fileEncoding = 4; lastKnownFileType = sourcecode.swift; path = SettingsViewController.swift; sourceTree = "<group>"; };
		D2F5CD4B1AB49A0C0035B91A /* kyc.app */ = {isa = PBXFileReference; explicitFileType = wrapper.application; includeInIndex = 0; path = kyc.app; sourceTree = BUILT_PRODUCTS_DIR; };
		D2F5CD4F1AB49A0C0035B91A /* Info.plist */ = {isa = PBXFileReference; lastKnownFileType = text.plist.xml; path = Info.plist; sourceTree = "<group>"; };
		D2F5CD501AB49A0C0035B91A /* AppDelegate.swift */ = {isa = PBXFileReference; lastKnownFileType = sourcecode.swift; path = AppDelegate.swift; sourceTree = "<group>"; };
		D2F5CD551AB49A0C0035B91A /* Base */ = {isa = PBXFileReference; lastKnownFileType = file.storyboard; name = Base; path = Base.lproj/Main.storyboard; sourceTree = "<group>"; };
		D2F5CD571AB49A0C0035B91A /* Images.xcassets */ = {isa = PBXFileReference; lastKnownFileType = folder.assetcatalog; path = Images.xcassets; sourceTree = "<group>"; };
		D2F5CD5A1AB49A0C0035B91A /* Base */ = {isa = PBXFileReference; lastKnownFileType = file.xib; name = Base; path = Base.lproj/LaunchScreen.xib; sourceTree = "<group>"; };
		D2F5CD601AB49A0C0035B91A /* kycTests.xctest */ = {isa = PBXFileReference; explicitFileType = wrapper.cfbundle; includeInIndex = 0; path = kycTests.xctest; sourceTree = BUILT_PRODUCTS_DIR; };
		D2F5CD651AB49A0C0035B91A /* Info.plist */ = {isa = PBXFileReference; lastKnownFileType = text.plist.xml; path = Info.plist; sourceTree = "<group>"; };
		D2F5CD661AB49A0C0035B91A /* kycTests.swift */ = {isa = PBXFileReference; lastKnownFileType = sourcecode.swift; path = kycTests.swift; sourceTree = "<group>"; };
		D2F5CD7D1AB49FF60035B91A /* ViewControllersFactory.swift */ = {isa = PBXFileReference; fileEncoding = 4; lastKnownFileType = sourcecode.swift; path = ViewControllersFactory.swift; sourceTree = "<group>"; };
		D2F5CD7F1AB4A10D0035B91A /* CenterViewController.swift */ = {isa = PBXFileReference; fileEncoding = 4; lastKnownFileType = sourcecode.swift; path = CenterViewController.swift; sourceTree = "<group>"; };
		D2F5CD801AB4A10D0035B91A /* ContainerViewController.swift */ = {isa = PBXFileReference; fileEncoding = 4; lastKnownFileType = sourcecode.swift; path = ContainerViewController.swift; sourceTree = "<group>"; };
		D2F5CD811AB4A10D0035B91A /* Menu.xcassets */ = {isa = PBXFileReference; lastKnownFileType = folder.assetcatalog; path = Menu.xcassets; sourceTree = "<group>"; };
		D2F5CD821AB4A10D0035B91A /* MenuItem.swift */ = {isa = PBXFileReference; fileEncoding = 4; lastKnownFileType = sourcecode.swift; path = MenuItem.swift; sourceTree = "<group>"; };
		D2F5CD831AB4A10D0035B91A /* SidePanelViewController.swift */ = {isa = PBXFileReference; fileEncoding = 4; lastKnownFileType = sourcecode.swift; path = SidePanelViewController.swift; sourceTree = "<group>"; };
		D2F5CD891AB4A1660035B91A /* Manager.swift */ = {isa = PBXFileReference; fileEncoding = 4; lastKnownFileType = sourcecode.swift; path = Manager.swift; sourceTree = "<group>"; };
		D2F5CD8C1AB4A4000035B91A /* LoginResponse.swift */ = {isa = PBXFileReference; fileEncoding = 4; lastKnownFileType = sourcecode.swift; path = LoginResponse.swift; sourceTree = "<group>"; };
		D2F5CD8E1AB4A61C0035B91A /* Logger.swift */ = {isa = PBXFileReference; fileEncoding = 4; lastKnownFileType = sourcecode.swift; path = Logger.swift; sourceTree = "<group>"; };
		D2F5CD901AB4A7AA0035B91A /* Menu.storyboard */ = {isa = PBXFileReference; fileEncoding = 4; lastKnownFileType = file.storyboard; path = Menu.storyboard; sourceTree = "<group>"; };
		D2F5CD921AB4A8810035B91A /* MainViewController.swift */ = {isa = PBXFileReference; fileEncoding = 4; lastKnownFileType = sourcecode.swift; path = MainViewController.swift; sourceTree = "<group>"; };
		D2F5CD941AB4AB520035B91A /* DaysViewController.swift */ = {isa = PBXFileReference; fileEncoding = 4; lastKnownFileType = sourcecode.swift; path = DaysViewController.swift; sourceTree = "<group>"; };
		D2F5CD961AB4AB900035B91A /* BookingsViewController.swift */ = {isa = PBXFileReference; fileEncoding = 4; lastKnownFileType = sourcecode.swift; path = BookingsViewController.swift; sourceTree = "<group>"; };
		D2F5CD981AB4ABA30035B91A /* BoatsViewController.swift */ = {isa = PBXFileReference; fileEncoding = 4; lastKnownFileType = sourcecode.swift; path = BoatsViewController.swift; sourceTree = "<group>"; };
		D2F5CD9A1AB4ABF60035B91A /* LoginViewController.swift */ = {isa = PBXFileReference; fileEncoding = 4; lastKnownFileType = sourcecode.swift; path = LoginViewController.swift; sourceTree = "<group>"; };
		D2F5CD9E1AB4B9790035B91A /* Days.storyboard */ = {isa = PBXFileReference; fileEncoding = 4; lastKnownFileType = file.storyboard; path = Days.storyboard; sourceTree = "<group>"; };
		D2F5CDA01AB4B9C50035B91A /* Boats.storyboard */ = {isa = PBXFileReference; fileEncoding = 4; lastKnownFileType = file.storyboard; path = Boats.storyboard; sourceTree = "<group>"; };
		D2F5CDA21AB4B9DF0035B91A /* Bookings.storyboard */ = {isa = PBXFileReference; fileEncoding = 4; lastKnownFileType = file.storyboard; path = Bookings.storyboard; sourceTree = "<group>"; };
		D2F5CDA41AB4BCB80035B91A /* Global.xcassets */ = {isa = PBXFileReference; lastKnownFileType = folder.assetcatalog; path = Global.xcassets; sourceTree = "<group>"; };
		D2F5CDA61AB4C0BA0035B91A /* Settings.storyboard */ = {isa = PBXFileReference; fileEncoding = 4; lastKnownFileType = file.storyboard; path = Settings.storyboard; sourceTree = "<group>"; };
/* End PBXFileReference section */

/* Begin PBXFrameworksBuildPhase section */
		D2F5CD481AB49A0C0035B91A /* Frameworks */ = {
			isa = PBXFrameworksBuildPhase;
			buildActionMask = 2147483647;
			files = (
			);
			runOnlyForDeploymentPostprocessing = 0;
		};
		D2F5CD5D1AB49A0C0035B91A /* Frameworks */ = {
			isa = PBXFrameworksBuildPhase;
			buildActionMask = 2147483647;
			files = (
			);
			runOnlyForDeploymentPostprocessing = 0;
		};
/* End PBXFrameworksBuildPhase section */

/* Begin PBXGroup section */
		D2F5CD421AB49A0C0035B91A = {
			isa = PBXGroup;
			children = (
				D2F5CD4D1AB49A0C0035B91A /* kyc */,
				D2F5CD631AB49A0C0035B91A /* kycTests */,
				D2F5CD4C1AB49A0C0035B91A /* Products */,
			);
			sourceTree = "<group>";
		};
		D2F5CD4C1AB49A0C0035B91A /* Products */ = {
			isa = PBXGroup;
			children = (
				D2F5CD4B1AB49A0C0035B91A /* kyc.app */,
				D2F5CD601AB49A0C0035B91A /* kycTests.xctest */,
			);
			name = Products;
			sourceTree = "<group>";
		};
		D2F5CD4D1AB49A0C0035B91A /* kyc */ = {
			isa = PBXGroup;
			children = (
				D2F5CDA41AB4BCB80035B91A /* Global.xcassets */,
				D2F5CD7D1AB49FF60035B91A /* ViewControllersFactory.swift */,
				D2F5CD701AB49DF50035B91A /* Core */,
				D2F5CD731AB49DF50035B91A /* Models */,
				D2F5CD741AB49DF50035B91A /* Storyboards */,
				D2F5CD751AB49DF50035B91A /* UI */,
				D2F5CD501AB49A0C0035B91A /* AppDelegate.swift */,
				D2F5CD571AB49A0C0035B91A /* Images.xcassets */,
				D2F5CD591AB49A0C0035B91A /* LaunchScreen.xib */,
				D2F5CD4E1AB49A0C0035B91A /* Supporting Files */,
			);
			path = kyc;
			sourceTree = "<group>";
		};
		D2F5CD4E1AB49A0C0035B91A /* Supporting Files */ = {
			isa = PBXGroup;
			children = (
				D2F5CD4F1AB49A0C0035B91A /* Info.plist */,
			);
			name = "Supporting Files";
			sourceTree = "<group>";
		};
		D2F5CD631AB49A0C0035B91A /* kycTests */ = {
			isa = PBXGroup;
			children = (
				D2F5CD661AB49A0C0035B91A /* kycTests.swift */,
				D2F5CD641AB49A0C0035B91A /* Supporting Files */,
			);
			path = kycTests;
			sourceTree = "<group>";
		};
		D2F5CD641AB49A0C0035B91A /* Supporting Files */ = {
			isa = PBXGroup;
			children = (
				D2F5CD651AB49A0C0035B91A /* Info.plist */,
			);
			name = "Supporting Files";
			sourceTree = "<group>";
		};
		D2F5CD701AB49DF50035B91A /* Core */ = {
			isa = PBXGroup;
			children = (
				D2F5CD891AB4A1660035B91A /* Manager.swift */,
				D2F5CD8B1AB4A3BE0035B91A /* Contracts */,
				D2F5CD711AB49DF50035B91A /* Json */,
				D2F5CD721AB49DF50035B91A /* Repository */,
				D2F5CD8E1AB4A61C0035B91A /* Logger.swift */,
			);
			path = Core;
			sourceTree = "<group>";
		};
		D2F5CD711AB49DF50035B91A /* Json */ = {
			isa = PBXGroup;
			children = (
			);
			path = Json;
			sourceTree = "<group>";
		};
		D2F5CD721AB49DF50035B91A /* Repository */ = {
			isa = PBXGroup;
			children = (
			);
			path = Repository;
			sourceTree = "<group>";
		};
		D2F5CD731AB49DF50035B91A /* Models */ = {
			isa = PBXGroup;
			children = (
			);
			path = Models;
			sourceTree = "<group>";
		};
		D2F5CD741AB49DF50035B91A /* Storyboards */ = {
			isa = PBXGroup;
			children = (
				D2F5CD901AB4A7AA0035B91A /* Menu.storyboard */,
				D2F5CD541AB49A0C0035B91A /* Main.storyboard */,
				D2F5CD9E1AB4B9790035B91A /* Days.storyboard */,
				D2F5CDA01AB4B9C50035B91A /* Boats.storyboard */,
				D2F5CDA21AB4B9DF0035B91A /* Bookings.storyboard */,
				D2F5CDA61AB4C0BA0035B91A /* Settings.storyboard */,
			);
			path = Storyboards;
			sourceTree = "<group>";
		};
		D2F5CD751AB49DF50035B91A /* UI */ = {
			isa = PBXGroup;
			children = (
				D2F5CD761AB49DF50035B91A /* Boats */,
				D2F5CD771AB49DF50035B91A /* Bookings */,
				D2F5CD781AB49DF50035B91A /* Days */,
				D2F5CD791AB49DF50035B91A /* Login */,
				D2F5CD7A1AB49DF50035B91A /* Main */,
				D2F5CD7B1AB49DF50035B91A /* Menu */,
				D2F5CD7C1AB49DF50035B91A /* Settings */,
			);
			path = UI;
			sourceTree = "<group>";
		};
		D2F5CD761AB49DF50035B91A /* Boats */ = {
			isa = PBXGroup;
			children = (
				D2F5CD981AB4ABA30035B91A /* BoatsViewController.swift */,
			);
			path = Boats;
			sourceTree = "<group>";
		};
		D2F5CD771AB49DF50035B91A /* Bookings */ = {
			isa = PBXGroup;
			children = (
				D2F5CD961AB4AB900035B91A /* BookingsViewController.swift */,
			);
			path = Bookings;
			sourceTree = "<group>";
		};
		D2F5CD781AB49DF50035B91A /* Days */ = {
			isa = PBXGroup;
			children = (
				D2F5CD941AB4AB520035B91A /* DaysViewController.swift */,
			);
			path = Days;
			sourceTree = "<group>";
		};
		D2F5CD791AB49DF50035B91A /* Login */ = {
			isa = PBXGroup;
			children = (
				D2F5CD9A1AB4ABF60035B91A /* LoginViewController.swift */,
			);
			path = Login;
			sourceTree = "<group>";
		};
		D2F5CD7A1AB49DF50035B91A /* Main */ = {
			isa = PBXGroup;
			children = (
				D2F5CD921AB4A8810035B91A /* MainViewController.swift */,
			);
			path = Main;
			sourceTree = "<group>";
		};
		D2F5CD7B1AB49DF50035B91A /* Menu */ = {
			isa = PBXGroup;
			children = (
				D2F5CD7F1AB4A10D0035B91A /* CenterViewController.swift */,
				D2F5CD801AB4A10D0035B91A /* ContainerViewController.swift */,
				D2F5CD811AB4A10D0035B91A /* Menu.xcassets */,
				D2F5CD821AB4A10D0035B91A /* MenuItem.swift */,
				D2F5CD831AB4A10D0035B91A /* SidePanelViewController.swift */,
			);
			path = Menu;
			sourceTree = "<group>";
		};
		D2F5CD7C1AB49DF50035B91A /* Settings */ = {
			isa = PBXGroup;
			children = (
				D2BEEC011AB4C1D100C6CA08 /* SettingsViewController.swift */,
			);
			path = Settings;
			sourceTree = "<group>";
		};
		D2F5CD8B1AB4A3BE0035B91A /* Contracts */ = {
			isa = PBXGroup;
			children = (
				D2F5CD8C1AB4A4000035B91A /* LoginResponse.swift */,
			);
			path = Contracts;
			sourceTree = "<group>";
		};
/* End PBXGroup section */

/* Begin PBXNativeTarget section */
		D2F5CD4A1AB49A0C0035B91A /* kyc */ = {
			isa = PBXNativeTarget;
			buildConfigurationList = D2F5CD6A1AB49A0C0035B91A /* Build configuration list for PBXNativeTarget "kyc" */;
			buildPhases = (
				D2F5CD471AB49A0C0035B91A /* Sources */,
				D2F5CD481AB49A0C0035B91A /* Frameworks */,
				D2F5CD491AB49A0C0035B91A /* Resources */,
			);
			buildRules = (
			);
			dependencies = (
			);
			name = kyc;
			productName = kyc;
			productReference = D2F5CD4B1AB49A0C0035B91A /* kyc.app */;
			productType = "com.apple.product-type.application";
		};
		D2F5CD5F1AB49A0C0035B91A /* kycTests */ = {
			isa = PBXNativeTarget;
			buildConfigurationList = D2F5CD6D1AB49A0C0035B91A /* Build configuration list for PBXNativeTarget "kycTests" */;
			buildPhases = (
				D2F5CD5C1AB49A0C0035B91A /* Sources */,
				D2F5CD5D1AB49A0C0035B91A /* Frameworks */,
				D2F5CD5E1AB49A0C0035B91A /* Resources */,
			);
			buildRules = (
			);
			dependencies = (
				D2F5CD621AB49A0C0035B91A /* PBXTargetDependency */,
			);
			name = kycTests;
			productName = kycTests;
			productReference = D2F5CD601AB49A0C0035B91A /* kycTests.xctest */;
			productType = "com.apple.product-type.bundle.unit-test";
		};
/* End PBXNativeTarget section */

/* Begin PBXProject section */
		D2F5CD431AB49A0C0035B91A /* Project object */ = {
			isa = PBXProject;
			attributes = {
				LastUpgradeCheck = 0620;
				ORGANIZATIONNAME = "Ilan Levy";
				TargetAttributes = {
					D2F5CD4A1AB49A0C0035B91A = {
						CreatedOnToolsVersion = 6.2;
					};
					D2F5CD5F1AB49A0C0035B91A = {
						CreatedOnToolsVersion = 6.2;
						TestTargetID = D2F5CD4A1AB49A0C0035B91A;
					};
				};
			};
			buildConfigurationList = D2F5CD461AB49A0C0035B91A /* Build configuration list for PBXProject "kyc" */;
			compatibilityVersion = "Xcode 3.2";
			developmentRegion = English;
			hasScannedForEncodings = 0;
			knownRegions = (
				en,
				Base,
			);
			mainGroup = D2F5CD421AB49A0C0035B91A;
			productRefGroup = D2F5CD4C1AB49A0C0035B91A /* Products */;
			projectDirPath = "";
			projectRoot = "";
			targets = (
				D2F5CD4A1AB49A0C0035B91A /* kyc */,
				D2F5CD5F1AB49A0C0035B91A /* kycTests */,
			);
		};
/* End PBXProject section */

/* Begin PBXResourcesBuildPhase section */
		D2F5CD491AB49A0C0035B91A /* Resources */ = {
			isa = PBXResourcesBuildPhase;
			buildActionMask = 2147483647;
			files = (
				D2F5CD911AB4A7AA0035B91A /* Menu.storyboard in Resources */,
				D2F5CD561AB49A0C0035B91A /* Main.storyboard in Resources */,
				D2F5CD5B1AB49A0C0035B91A /* LaunchScreen.xib in Resources */,
				D2F5CDA11AB4B9C50035B91A /* Boats.storyboard in Resources */,
				D2F5CDA51AB4BCB80035B91A /* Global.xcassets in Resources */,
				D2F5CD861AB4A10D0035B91A /* Menu.xcassets in Resources */,
				D2F5CD581AB49A0C0035B91A /* Images.xcassets in Resources */,
				D2F5CDA31AB4B9DF0035B91A /* Bookings.storyboard in Resources */,
				D2F5CD9F1AB4B9790035B91A /* Days.storyboard in Resources */,
				D2F5CDA71AB4C0BA0035B91A /* Settings.storyboard in Resources */,
			);
			runOnlyForDeploymentPostprocessing = 0;
		};
		D2F5CD5E1AB49A0C0035B91A /* Resources */ = {
			isa = PBXResourcesBuildPhase;
			buildActionMask = 2147483647;
			files = (
			);
			runOnlyForDeploymentPostprocessing = 0;
		};
/* End PBXResourcesBuildPhase section */

/* Begin PBXSourcesBuildPhase section */
		D2F5CD471AB49A0C0035B91A /* Sources */ = {
			isa = PBXSourcesBuildPhase;
			buildActionMask = 2147483647;
			files = (
				D2F5CD9B1AB4ABF60035B91A /* LoginViewController.swift in Sources */,
				D2F5CD991AB4ABA30035B91A /* BoatsViewController.swift in Sources */,
				D2F5CD841AB4A10D0035B91A /* CenterViewController.swift in Sources */,
				D2F5CD8D1AB4A4000035B91A /* LoginResponse.swift in Sources */,
				D2F5CD971AB4AB900035B91A /* BookingsViewController.swift in Sources */,
				D2F5CD951AB4AB520035B91A /* DaysViewController.swift in Sources */,
				D2F5CD851AB4A10D0035B91A /* ContainerViewController.swift in Sources */,
				D2F5CD8A1AB4A1660035B91A /* Manager.swift in Sources */,
				D2BEEC021AB4C1D100C6CA08 /* SettingsViewController.swift in Sources */,
				D2F5CD8F1AB4A61C0035B91A /* Logger.swift in Sources */,
				D2F5CD871AB4A10D0035B91A /* MenuItem.swift in Sources */,
				D2F5CD881AB4A10D0035B91A /* SidePanelViewController.swift in Sources */,
				D2F5CD511AB49A0C0035B91A /* AppDelegate.swift in Sources */,
				D2F5CD7E1AB49FF60035B91A /* ViewControllersFactory.swift in Sources */,
				D2F5CD931AB4A8810035B91A /* MainViewController.swift in Sources */,
			);
			runOnlyForDeploymentPostprocessing = 0;
		};
		D2F5CD5C1AB49A0C0035B91A /* Sources */ = {
			isa = PBXSourcesBuildPhase;
			buildActionMask = 2147483647;
			files = (
				D2F5CD671AB49A0C0035B91A /* kycTests.swift in Sources */,
			);
			runOnlyForDeploymentPostprocessing = 0;
		};
/* End PBXSourcesBuildPhase section */

/* Begin PBXTargetDependency section */
		D2F5CD621AB49A0C0035B91A /* PBXTargetDependency */ = {
			isa = PBXTargetDependency;
			target = D2F5CD4A1AB49A0C0035B91A /* kyc */;
			targetProxy = D2F5CD611AB49A0C0035B91A /* PBXContainerItemProxy */;
		};
/* End PBXTargetDependency section */

/* Begin PBXVariantGroup section */
		D2F5CD541AB49A0C0035B91A /* Main.storyboard */ = {
			isa = PBXVariantGroup;
			children = (
				D2F5CD551AB49A0C0035B91A /* Base */,
			);
			name = Main.storyboard;
			path = ..;
			sourceTree = "<group>";
		};
		D2F5CD591AB49A0C0035B91A /* LaunchScreen.xib */ = {
			isa = PBXVariantGroup;
			children = (
				D2F5CD5A1AB49A0C0035B91A /* Base */,
			);
			name = LaunchScreen.xib;
			sourceTree = "<group>";
		};
/* End PBXVariantGroup section */

/* Begin XCBuildConfiguration section */
		D2F5CD681AB49A0C0035B91A /* Debug */ = {
			isa = XCBuildConfiguration;
			buildSettings = {
				ALWAYS_SEARCH_USER_PATHS = NO;
				CLANG_CXX_LANGUAGE_STANDARD = "gnu++0x";
				CLANG_CXX_LIBRARY = "libc++";
				CLANG_ENABLE_MODULES = YES;
				CLANG_ENABLE_OBJC_ARC = YES;
				CLANG_WARN_BOOL_CONVERSION = YES;
				CLANG_WARN_CONSTANT_CONVERSION = YES;
				CLANG_WARN_DIRECT_OBJC_ISA_USAGE = YES_ERROR;
				CLANG_WARN_EMPTY_BODY = YES;
				CLANG_WARN_ENUM_CONVERSION = YES;
				CLANG_WARN_INT_CONVERSION = YES;
				CLANG_WARN_OBJC_ROOT_CLASS = YES_ERROR;
				CLANG_WARN_UNREACHABLE_CODE = YES;
				CLANG_WARN__DUPLICATE_METHOD_MATCH = YES;
				"CODE_SIGN_IDENTITY[sdk=iphoneos*]" = "iPhone Developer";
				COPY_PHASE_STRIP = NO;
				ENABLE_STRICT_OBJC_MSGSEND = YES;
				GCC_C_LANGUAGE_STANDARD = gnu99;
				GCC_DYNAMIC_NO_PIC = NO;
				GCC_OPTIMIZATION_LEVEL = 0;
				GCC_PREPROCESSOR_DEFINITIONS = (
					"DEBUG=1",
					"$(inherited)",
				);
				GCC_SYMBOLS_PRIVATE_EXTERN = NO;
				GCC_WARN_64_TO_32_BIT_CONVERSION = YES;
				GCC_WARN_ABOUT_RETURN_TYPE = YES_ERROR;
				GCC_WARN_UNDECLARED_SELECTOR = YES;
				GCC_WARN_UNINITIALIZED_AUTOS = YES_AGGRESSIVE;
				GCC_WARN_UNUSED_FUNCTION = YES;
				GCC_WARN_UNUSED_VARIABLE = YES;
				IPHONEOS_DEPLOYMENT_TARGET = 8.2;
				MTL_ENABLE_DEBUG_INFO = YES;
				ONLY_ACTIVE_ARCH = YES;
				SDKROOT = iphoneos;
				SWIFT_OPTIMIZATION_LEVEL = "-Onone";
			};
			name = Debug;
		};
		D2F5CD691AB49A0C0035B91A /* Release */ = {
			isa = XCBuildConfiguration;
			buildSettings = {
				ALWAYS_SEARCH_USER_PATHS = NO;
				CLANG_CXX_LANGUAGE_STANDARD = "gnu++0x";
				CLANG_CXX_LIBRARY = "libc++";
				CLANG_ENABLE_MODULES = YES;
				CLANG_ENABLE_OBJC_ARC = YES;
				CLANG_WARN_BOOL_CONVERSION = YES;
				CLANG_WARN_CONSTANT_CONVERSION = YES;
				CLANG_WARN_DIRECT_OBJC_ISA_USAGE = YES_ERROR;
				CLANG_WARN_EMPTY_BODY = YES;
				CLANG_WARN_ENUM_CONVERSION = YES;
				CLANG_WARN_INT_CONVERSION = YES;
				CLANG_WARN_OBJC_ROOT_CLASS = YES_ERROR;
				CLANG_WARN_UNREACHABLE_CODE = YES;
				CLANG_WARN__DUPLICATE_METHOD_MATCH = YES;
				"CODE_SIGN_IDENTITY[sdk=iphoneos*]" = "iPhone Developer";
				COPY_PHASE_STRIP = NO;
				ENABLE_NS_ASSERTIONS = NO;
				ENABLE_STRICT_OBJC_MSGSEND = YES;
				GCC_C_LANGUAGE_STANDARD = gnu99;
				GCC_WARN_64_TO_32_BIT_CONVERSION = YES;
				GCC_WARN_ABOUT_RETURN_TYPE = YES_ERROR;
				GCC_WARN_UNDECLARED_SELECTOR = YES;
				GCC_WARN_UNINITIALIZED_AUTOS = YES_AGGRESSIVE;
				GCC_WARN_UNUSED_FUNCTION = YES;
				GCC_WARN_UNUSED_VARIABLE = YES;
				IPHONEOS_DEPLOYMENT_TARGET = 8.2;
				MTL_ENABLE_DEBUG_INFO = NO;
				SDKROOT = iphoneos;
				VALIDATE_PRODUCT = YES;
			};
			name = Release;
		};
		D2F5CD6B1AB49A0C0035B91A /* Debug */ = {
			isa = XCBuildConfiguration;
			buildSettings = {
				ASSETCATALOG_COMPILER_APPICON_NAME = AppIcon;
				INFOPLIST_FILE = kyc/Info.plist;
				LD_RUNPATH_SEARCH_PATHS = "$(inherited) @executable_path/Frameworks";
				PRODUCT_NAME = "$(TARGET_NAME)";
			};
			name = Debug;
		};
		D2F5CD6C1AB49A0C0035B91A /* Release */ = {
			isa = XCBuildConfiguration;
			buildSettings = {
				ASSETCATALOG_COMPILER_APPICON_NAME = AppIcon;
				INFOPLIST_FILE = kyc/Info.plist;
				LD_RUNPATH_SEARCH_PATHS = "$(inherited) @executable_path/Frameworks";
				PRODUCT_NAME = "$(TARGET_NAME)";
			};
			name = Release;
		};
		D2F5CD6E1AB49A0C0035B91A /* Debug */ = {
			isa = XCBuildConfiguration;
			buildSettings = {
				BUNDLE_LOADER = "$(TEST_HOST)";
				FRAMEWORK_SEARCH_PATHS = (
					"$(SDKROOT)/Developer/Library/Frameworks",
					"$(inherited)",
				);
				GCC_PREPROCESSOR_DEFINITIONS = (
					"DEBUG=1",
					"$(inherited)",
				);
				INFOPLIST_FILE = kycTests/Info.plist;
				LD_RUNPATH_SEARCH_PATHS = "$(inherited) @executable_path/Frameworks @loader_path/Frameworks";
				PRODUCT_NAME = "$(TARGET_NAME)";
				TEST_HOST = "$(BUILT_PRODUCTS_DIR)/kyc.app/kyc";
			};
			name = Debug;
		};
		D2F5CD6F1AB49A0C0035B91A /* Release */ = {
			isa = XCBuildConfiguration;
			buildSettings = {
				BUNDLE_LOADER = "$(TEST_HOST)";
				FRAMEWORK_SEARCH_PATHS = (
					"$(SDKROOT)/Developer/Library/Frameworks",
					"$(inherited)",
				);
				INFOPLIST_FILE = kycTests/Info.plist;
				LD_RUNPATH_SEARCH_PATHS = "$(inherited) @executable_path/Frameworks @loader_path/Frameworks";
				PRODUCT_NAME = "$(TARGET_NAME)";
				TEST_HOST = "$(BUILT_PRODUCTS_DIR)/kyc.app/kyc";
			};
			name = Release;
		};
/* End XCBuildConfiguration section */

/* Begin XCConfigurationList section */
		D2F5CD461AB49A0C0035B91A /* Build configuration list for PBXProject "kyc" */ = {
			isa = XCConfigurationList;
			buildConfigurations = (
				D2F5CD681AB49A0C0035B91A /* Debug */,
				D2F5CD691AB49A0C0035B91A /* Release */,
			);
			defaultConfigurationIsVisible = 0;
			defaultConfigurationName = Release;
		};
		D2F5CD6A1AB49A0C0035B91A /* Build configuration list for PBXNativeTarget "kyc" */ = {
			isa = XCConfigurationList;
			buildConfigurations = (
				D2F5CD6B1AB49A0C0035B91A /* Debug */,
				D2F5CD6C1AB49A0C0035B91A /* Release */,
			);
			defaultConfigurationIsVisible = 0;
			defaultConfigurationName = Release;
		};
		D2F5CD6D1AB49A0C0035B91A /* Build configuration list for PBXNativeTarget "kycTests" */ = {
			isa = XCConfigurationList;
			buildConfigurations = (
				D2F5CD6E1AB49A0C0035B91A /* Debug */,
				D2F5CD6F1AB49A0C0035B91A /* Release */,
			);
			defaultConfigurationIsVisible = 0;
			defaultConfigurationName = Release;
		};
/* End XCConfigurationList section */
	};
	rootObject = D2F5CD431AB49A0C0035B91A /* Project object */;
}
